PODS:
  - AMPopTip (1.5.3)
  - BEMCheckBox (1.4.1)
  - Bugly (2.5.0)
  - DACircularProgress (2.3.1)
  - DateTools (2.0.0)
  - DZNEmptyDataSet (1.8.1)
  - FDFullscreenPopGesture (1.1)
  - FMDB (2.7.5):
    - FMDB/standard (= 2.7.5)
  - FMDB/standard (2.7.5)
  - FSCalendar (2.8.0)
  - IDMPhotoBrowser (1.11.3):
    - DACircularProgress
    - pop
    - SDWebImage (= 4.0.0)
  - IQKeyboardManager (6.4.2)
  - Masonry (1.1.0)
  - MGSwipeTableCell (1.6.9)
  - pop (1.0.12)
  - SDWebImage (4.0.0):
    - SDWebImage/Core (= 4.0.0)
  - SDWebImage/Core (4.0.0)
  - SVProgressHUD (2.2.5)
  - VTAcknowledgementsViewController (1.5.1)

DEPENDENCIES:
  - AMPopTip (~> 1.5)
  - BEMCheckBox
  - Bugly
  - DateTools
  - DZNEmptyDataSet
  - FDFullscreenPopGesture
  - FMDB
  - FSCalendar
  - IDMPhotoBrowser
  - IQKeyboardManager
  - Masonry
  - MGSwipeTableCell
  - SVProgressHUD
  - VTAcknowledgementsViewController

SPEC REPOS:
  https://github.com/cocoapods/specs.git:
    - AMPopTip
    - BEMCheckBox
    - Bugly
    - DACircularProgress
    - DateTools
    - DZNEmptyDataSet
    - FDFullscreenPopGesture
    - FMDB
    - FSCalendar
    - IDMPhotoBrowser
    - IQKeyboardManager
    - Masonry
    - MGSwipeTableCell
    - pop
    - SDWebImage
    - SVProgressHUD
    - VTAcknowledgementsViewController

SPEC CHECKSUMS:
  AMPopTip: 32101701b68b811999b8ce39a778f452a9956aa1
  BEMCheckBox: 5ba6e37ade3d3657b36caecc35c8b75c6c2b1a4e
  Bugly: 3ca9f255c01025582df26f9222893b383c7e4b4e
  DACircularProgress: 4dd437c0fc3da5161cb289e07ac449493d41db71
  DateTools: 933ac9c490f21f92127cf690ccd8c397e0126caf
  DZNEmptyDataSet: 9525833b9e68ac21c30253e1d3d7076cc828eaa7
  FDFullscreenPopGesture: a8a620179e3d9c40e8e00256dcee1c1a27c6d0f0
  FMDB: 2ce00b547f966261cd18927a3ddb07cb6f3db82a
  FSCalendar: 3a5ed3636e2ba1b83ebebfcf0c2603105a6f5efe
  IDMPhotoBrowser: b96159fe4adb991a844068eb17dab9c0b7d7e51a
  IQKeyboardManager: b41e0a4943fbac4c11a239d31a688667675f962e
  Masonry: 678fab65091a9290e40e2832a55e7ab731aad201
  MGSwipeTableCell: 17349a8b56c81245bd77671251eb8aa9d486d46b
  pop: d582054913807fd11fd50bfe6a539d91c7e1a55a
  SDWebImage: 76a6348bdc74eb5a55dd08a091ef298e56b55e41
  SVProgressHUD: 1428aafac632c1f86f62aa4243ec12008d7a51d6
  VTAcknowledgementsViewController: 3bb742da852a5161dc9f4b017e52f926a41ef5d3

PODFILE CHECKSUM: efd3869c4d8b224d5607655d05996f9a8fcb0186

COCOAPODS: 1.5.3
