PODS:
  - AFNetworking (2.6.3):
    - AFNetworking/NSURLConnection (= 2.6.3)
    - AFNetworking/NSURLSession (= 2.6.3)
    - AFNetworking/Reachability (= 2.6.3)
    - AFNetworking/Security (= 2.6.3)
    - AFNetworking/Serialization (= 2.6.3)
    - AFNetworking/UIKit (= 2.6.3)
  - AFNetworking/NSURLConnection (2.6.3):
    - AFNetworking/Reachability
    - AFNetworking/Security
    - AFNetworking/Serialization
  - AFNetworking/NSURLSession (2.6.3):
    - AFNetworking/Reachability
    - AFNetworking/Security
    - AFNetworking/Serialization
  - AFNetworking/Reachability (2.6.3)
  - AFNetworking/Security (2.6.3)
  - AFNetworking/Serialization (2.6.3)
  - AFNetworking/UIKit (2.6.3):
    - AFNetworking/NSURLConnection
    - AFNetworking/NSURLSession
  - AMPopTip (1.5.2)
  - AVOSCloud (3.10.0)
  - BEMCheckBox (1.4.1)
  - DACircularProgress (2.3.1)
  - DateTools (2.0.0)
  - DZNEmptyDataSet (1.8.1)
  - FDFullscreenPopGesture (1.1)
  - FMDB (2.7.2):
    - FMDB/standard (= 2.7.2)
  - FMDB/standard (2.7.2)
  - FSCalendar (2.7.9)
  - IDMPhotoBrowser (1.11.3):
    - DACircularProgress
    - pop
    - SDWebImage (= 4.0.0)
  - IQKeyboardManager (5.0.4)
  - LeanCloudSocial (0.0.8):
    - AFNetworking (~> 2.0)
    - AVOSCloud (~> 3.1)
  - MGSwipeTableCell (1.6.7)
  - pop (1.0.10)
  - SDWebImage (4.0.0):
    - SDWebImage/Core (= 4.0.0)
  - SDWebImage/Core (4.0.0)
  - VTAcknowledgementsViewController (1.4)

DEPENDENCIES:
  - AMPopTip (~> 1.5)
  - AVOSCloud
  - BEMCheckBox
  - DateTools
  - DZNEmptyDataSet
  - FDFullscreenPopGesture
  - FMDB
  - FSCalendar
  - IDMPhotoBrowser
  - IQKeyboardManager
  - LeanCloudSocial
  - MGSwipeTableCell
  - VTAcknowledgementsViewController

SPEC REPOS:
  https://github.com/cocoapods/specs.git:
    - AFNetworking
    - AMPopTip
    - AVOSCloud
    - BEMCheckBox
    - DACircularProgress
    - DateTools
    - DZNEmptyDataSet
    - FDFullscreenPopGesture
    - FMDB
    - FSCalendar
    - IDMPhotoBrowser
    - IQKeyboardManager
    - LeanCloudSocial
    - MGSwipeTableCell
    - pop
    - SDWebImage
    - VTAcknowledgementsViewController

SPEC CHECKSUMS:
  AFNetworking: cb8d14a848e831097108418f5d49217339d4eb60
  AMPopTip: ec46d7d2ce329328a5e7bfd533da029a9e0f6557
  AVOSCloud: 839b30ac3b382ad56c957ed6dd28a0a537d33d67
  BEMCheckBox: 5ba6e37ade3d3657b36caecc35c8b75c6c2b1a4e
  DACircularProgress: 4dd437c0fc3da5161cb289e07ac449493d41db71
  DateTools: 933ac9c490f21f92127cf690ccd8c397e0126caf
  DZNEmptyDataSet: 9525833b9e68ac21c30253e1d3d7076cc828eaa7
  FDFullscreenPopGesture: a8a620179e3d9c40e8e00256dcee1c1a27c6d0f0
  FMDB: 6198a90e7b6900cfc046e6bc0ef6ebb7be9236aa
  FSCalendar: a04b09f16f811bc92e82f3cf852a15225233b9d5
  IDMPhotoBrowser: b96159fe4adb991a844068eb17dab9c0b7d7e51a
  IQKeyboardManager: 1df9c0f147af1681cfb2d9977bc30309d45a7e76
  LeanCloudSocial: f7787dfc1559dc47263bbfd37a03c870352ad98a
  MGSwipeTableCell: fb20e983988bde2b8d0df29c2d9e1d8ffd10b74a
  pop: 82ca6b068ce9278fd350fd9dd09482a0ce9492e6
  SDWebImage: 76a6348bdc74eb5a55dd08a091ef298e56b55e41
  VTAcknowledgementsViewController: d62bb400ca68e240680906bcfa2a2b380d39b30f

PODFILE CHECKSUM: 39a6da12e13fe121c1d6aea83b15ebf6d2124971

COCOAPODS: 1.5.2
