// !$*UTF8*$!
{
	archiveVersion = 1;
	classes = {
	};
	objectVersion = 46;
	objects = {

/* Begin PBXBuildFile section */
		240826DD1E570A1500EAC855 /* KPUserTableViewController.m in Sources */ = {isa = PBXBuildFile; fileRef = 240826DC1E570A1500EAC855 /* KPUserTableViewController.m */; };
		24151C921E322D6700757A69 /* KPTaskDetailTableViewController.m in Sources */ = {isa = PBXBuildFile; fileRef = 24151C911E322D6700757A69 /* KPTaskDetailTableViewController.m */; };
		24151C971E32388300757A69 /* UNManager.m in Sources */ = {isa = PBXBuildFile; fileRef = 24151C961E32388300757A69 /* UNManager.m */; };
		241A58071E7E36B9001356E0 /* KPCalInfoView.m in Sources */ = {isa = PBXBuildFile; fileRef = 241A58061E7E36B9001356E0 /* KPCalInfoView.m */; };
		241A58091E7E36C6001356E0 /* KPCalInfoView.xib in Resources */ = {isa = PBXBuildFile; fileRef = 241A58081E7E36C6001356E0 /* KPCalInfoView.xib */; };
		241D3F001E7CFAD20051023F /* KPTaskDisplayTableViewController.m in Sources */ = {isa = PBXBuildFile; fileRef = 241D3EFF1E7CFAD20051023F /* KPTaskDisplayTableViewController.m */; };
		241FB6671E31D2F300DF4D53 /* HYCircleProgressView.m in Sources */ = {isa = PBXBuildFile; fileRef = 241FB6661E31D2F300DF4D53 /* HYCircleProgressView.m */; };
		2422066A1E5A6A3B00F03BA2 /* ImageUtil.m in Sources */ = {isa = PBXBuildFile; fileRef = 242206691E5A6A3B00F03BA2 /* ImageUtil.m */; };
		2422066D1E5A7D1A00F03BA2 /* KPAboutTableViewController.m in Sources */ = {isa = PBXBuildFile; fileRef = 2422066C1E5A7D1A00F03BA2 /* KPAboutTableViewController.m */; };
		2426103B1E51ACB30016DC64 /* KPColorPickerView.m in Sources */ = {isa = PBXBuildFile; fileRef = 2426103A1E51ACB30016DC64 /* KPColorPickerView.m */; };
		2426103D1E51ACBC0016DC64 /* KPColorPickerView.xib in Resources */ = {isa = PBXBuildFile; fileRef = 2426103C1E51ACBC0016DC64 /* KPColorPickerView.xib */; };
		2429CBD41E2DF5E60027DD37 /* KPTodayTableViewController.m in Sources */ = {isa = PBXBuildFile; fileRef = 2429CBD31E2DF5E60027DD37 /* KPTodayTableViewController.m */; };
		2429CBD71E2DF6080027DD37 /* KPTaskTableViewController.m in Sources */ = {isa = PBXBuildFile; fileRef = 2429CBD61E2DF6080027DD37 /* KPTaskTableViewController.m */; };
		2429CBDD1E2DF61B0027DD37 /* KPSettingsTableViewController.m in Sources */ = {isa = PBXBuildFile; fileRef = 2429CBDC1E2DF61B0027DD37 /* KPSettingsTableViewController.m */; };
		2429CBE81E2E499A0027DD37 /* KPSeparatorView.m in Sources */ = {isa = PBXBuildFile; fileRef = 2429CBE71E2E499A0027DD37 /* KPSeparatorView.m */; };
		2429CBEA1E2E49A60027DD37 /* KPSeparatorView.xib in Resources */ = {isa = PBXBuildFile; fileRef = 2429CBE91E2E49A60027DD37 /* KPSeparatorView.xib */; };
		2429CBEE1E2E4A9B0027DD37 /* KPTodayTableViewCell.m in Sources */ = {isa = PBXBuildFile; fileRef = 2429CBEC1E2E4A9B0027DD37 /* KPTodayTableViewCell.m */; };
		2429CBEF1E2E4A9B0027DD37 /* KPTodayTableViewCell.xib in Resources */ = {isa = PBXBuildFile; fileRef = 2429CBED1E2E4A9B0027DD37 /* KPTodayTableViewCell.xib */; };
		2429CBF31E2E4E750027DD37 /* Utilities.m in Sources */ = {isa = PBXBuildFile; fileRef = 2429CBF21E2E4E750027DD37 /* Utilities.m */; };
		2429CBFB1E2E5D510027DD37 /* KPTabBarViewController.m in Sources */ = {isa = PBXBuildFile; fileRef = 2429CBFA1E2E5D510027DD37 /* KPTabBarViewController.m */; };
		2435AF5C1E34D0D50065DC74 /* MLKMenuPopover.m in Sources */ = {isa = PBXBuildFile; fileRef = 2435AF5B1E34D0D50065DC74 /* MLKMenuPopover.m */; };
		2435DBF11E35CCC300F1A96E /* KPFontTableViewController.m in Sources */ = {isa = PBXBuildFile; fileRef = 2435DBF01E35CCC300F1A96E /* KPFontTableViewController.m */; };
		2435F3361E5175FE00C6AAA6 /* KPWeekdayPickerView.xib in Resources */ = {isa = PBXBuildFile; fileRef = 2435F3351E5175FE00C6AAA6 /* KPWeekdayPickerView.xib */; };
		2436F8241E2F2C3300C2984A /* libsqlite3.0.tbd in Frameworks */ = {isa = PBXBuildFile; fileRef = 2436F8231E2F2C3300C2984A /* libsqlite3.0.tbd */; };
		2436F8271E2F2C4B00C2984A /* TaskManager.m in Sources */ = {isa = PBXBuildFile; fileRef = 2436F8261E2F2C4B00C2984A /* TaskManager.m */; };
		2436F82A1E2F2C5700C2984A /* Task.m in Sources */ = {isa = PBXBuildFile; fileRef = 2436F8291E2F2C5700C2984A /* Task.m */; };
		244EB3051E3635B100D30AE3 /* KPImageViewController.m in Sources */ = {isa = PBXBuildFile; fileRef = 244EB3041E3635B100D30AE3 /* KPImageViewController.m */; };
		245196711E3CB82F00C18C5B /* TabBar.xcassets in Resources */ = {isa = PBXBuildFile; fileRef = 245196701E3CB82F00C18C5B /* TabBar.xcassets */; };
		24569A291F95E30500082EE4 /* KCProgressButton.m in Sources */ = {isa = PBXBuildFile; fileRef = 24569A281F95E30500082EE4 /* KCProgressButton.m */; };
		24569A2C1F95E31E00082EE4 /* KCEdgeInsetLabel.m in Sources */ = {isa = PBXBuildFile; fileRef = 24569A2B1F95E31E00082EE4 /* KCEdgeInsetLabel.m */; };
		2467A58C1E8A3FF700C41B11 /* KPNavigationTitleView.m in Sources */ = {isa = PBXBuildFile; fileRef = 2467A58B1E8A3FF700C41B11 /* KPNavigationTitleView.m */; };
		24699F031E2F213D0092FBED /* KPNavigationViewController.m in Sources */ = {isa = PBXBuildFile; fileRef = 24699F021E2F213D0092FBED /* KPNavigationViewController.m */; };
		24699F051E2F23C60092FBED /* Navigation.xcassets in Resources */ = {isa = PBXBuildFile; fileRef = 24699F041E2F23C60092FBED /* Navigation.xcassets */; };
		246AEF0A1E64214A00D78FDD /* UIImage+Extensions.m in Sources */ = {isa = PBXBuildFile; fileRef = 246AEF091E64214A00D78FDD /* UIImage+Extensions.m */; };
		246BF2531EE112FE002FE39A /* AppKeys.m in Sources */ = {isa = PBXBuildFile; fileRef = 246BF2521EE112FE002FE39A /* AppKeys.m */; };
		247A79801E38ABF1000EE623 /* ABCIntroView.m in Sources */ = {isa = PBXBuildFile; fileRef = 247A797F1E38ABF1000EE623 /* ABCIntroView.m */; };
		247C8EBA1F94FA0D0098B574 /* KPTaskTableViewController+Touch.m in Sources */ = {isa = PBXBuildFile; fileRef = 247C8EB91F94FA0D0098B574 /* KPTaskTableViewController+Touch.m */; };
		247C8EBD1F94FAB40098B574 /* KPTodayTableViewController+Touch.m in Sources */ = {isa = PBXBuildFile; fileRef = 247C8EBC1F94FAB40098B574 /* KPTodayTableViewController+Touch.m */; };
		247F01B91E3D9E1B001F900C /* NotificationCenter.framework in Frameworks */ = {isa = PBXBuildFile; fileRef = 247F01B81E3D9E1B001F900C /* NotificationCenter.framework */; };
		247F01BD1E3D9E1B001F900C /* TodayViewController.m in Sources */ = {isa = PBXBuildFile; fileRef = 247F01BC1E3D9E1B001F900C /* TodayViewController.m */; };
		247F01C41E3D9E1B001F900C /* KeepingWidget.appex in Embed App Extensions */ = {isa = PBXBuildFile; fileRef = 247F01B71E3D9E1B001F900C /* KeepingWidget.appex */; settings = {ATTRIBUTES = (RemoveHeadersOnCopy, ); }; };
		247F01CA1E3DAAA9001F900C /* Task.m in Sources */ = {isa = PBXBuildFile; fileRef = 2436F8291E2F2C5700C2984A /* Task.m */; };
		247F01CD1E3DB44B001F900C /* Utilities.m in Sources */ = {isa = PBXBuildFile; fileRef = 2429CBF21E2E4E750027DD37 /* Utilities.m */; };
		247F01D11E3DB4F8001F900C /* KPWidgetTableViewCell.m in Sources */ = {isa = PBXBuildFile; fileRef = 247F01CF1E3DB4F8001F900C /* KPWidgetTableViewCell.m */; };
		247F01D21E3DB4F8001F900C /* KPWidgetTableViewCell.xib in Resources */ = {isa = PBXBuildFile; fileRef = 247F01D01E3DB4F8001F900C /* KPWidgetTableViewCell.xib */; };
		247F01D31E3DBAB7001F900C /* DateUtil.m in Sources */ = {isa = PBXBuildFile; fileRef = 24DCF1891E3094050097C250 /* DateUtil.m */; };
		247F01D71E3DBC4E001F900C /* MainInterface.storyboard in Resources */ = {isa = PBXBuildFile; fileRef = 247F01D61E3DBC4E001F900C /* MainInterface.storyboard */; };
		247F01D81E3DC5F3001F900C /* TaskManager.m in Sources */ = {isa = PBXBuildFile; fileRef = 2436F8261E2F2C4B00C2984A /* TaskManager.m */; };
		247F01D91E3DC625001F900C /* DBManager.m in Sources */ = {isa = PBXBuildFile; fileRef = 24F2A0D01E2F3F1800F30FB1 /* DBManager.m */; };
		247F01DA1E3DC627001F900C /* UNManager.m in Sources */ = {isa = PBXBuildFile; fileRef = 24151C961E32388300757A69 /* UNManager.m */; };
		2493299D1E549EA300C85070 /* KPTabBar.m in Sources */ = {isa = PBXBuildFile; fileRef = 2493299C1E549EA300C85070 /* KPTabBar.m */; };
		249700471E5607210015CC5F /* KPTypeTableViewController.m in Sources */ = {isa = PBXBuildFile; fileRef = 249700461E5607210015CC5F /* KPTypeTableViewController.m */; };
		2497004B1E56075B0015CC5F /* KPTypeColorTableViewCell.m in Sources */ = {isa = PBXBuildFile; fileRef = 249700491E56075B0015CC5F /* KPTypeColorTableViewCell.m */; };
		2497004C1E56075B0015CC5F /* KPTypeColorTableViewCell.xib in Resources */ = {isa = PBXBuildFile; fileRef = 2497004A1E56075B0015CC5F /* KPTypeColorTableViewCell.xib */; };
		249AE3171E2DEE7700F704F8 /* main.m in Sources */ = {isa = PBXBuildFile; fileRef = 249AE3161E2DEE7700F704F8 /* main.m */; };
		249AE31A1E2DEE7700F704F8 /* AppDelegate.m in Sources */ = {isa = PBXBuildFile; fileRef = 249AE3191E2DEE7700F704F8 /* AppDelegate.m */; };
		249AE3201E2DEE7700F704F8 /* Main.storyboard in Resources */ = {isa = PBXBuildFile; fileRef = 249AE31E1E2DEE7700F704F8 /* Main.storyboard */; };
		249AE3231E2DEE7700F704F8 /* Keeping.xcdatamodeld in Sources */ = {isa = PBXBuildFile; fileRef = 249AE3211E2DEE7700F704F8 /* Keeping.xcdatamodeld */; };
		249AE3251E2DEE7700F704F8 /* Assets.xcassets in Resources */ = {isa = PBXBuildFile; fileRef = 249AE3241E2DEE7700F704F8 /* Assets.xcassets */; };
		249AE3281E2DEE7700F704F8 /* LaunchScreen.storyboard in Resources */ = {isa = PBXBuildFile; fileRef = 249AE3261E2DEE7700F704F8 /* LaunchScreen.storyboard */; };
		24A0CD6C1E56CED80017EE22 /* KPScheme.m in Sources */ = {isa = PBXBuildFile; fileRef = 24A0CD6B1E56CED80017EE22 /* KPScheme.m */; };
		24BA79A11E516949002133B6 /* TaskDataHelper.m in Sources */ = {isa = PBXBuildFile; fileRef = 24BA79A01E516949002133B6 /* TaskDataHelper.m */; };
		24BA79AB1E516FE0002133B6 /* KPWeekdayPickerView.m in Sources */ = {isa = PBXBuildFile; fileRef = 24BA79AA1E516FE0002133B6 /* KPWeekdayPickerView.m */; };
		24D2D8001E8A2D060056D1AD /* KPTimeView.m in Sources */ = {isa = PBXBuildFile; fileRef = 24D2D7FF1E8A2D060056D1AD /* KPTimeView.m */; };
		24D2D8021E8A2D130056D1AD /* KPTimeView.xib in Resources */ = {isa = PBXBuildFile; fileRef = 24D2D8011E8A2D130056D1AD /* KPTimeView.xib */; };
		24DCF18A1E3094050097C250 /* DateUtil.m in Sources */ = {isa = PBXBuildFile; fileRef = 24DCF1891E3094050097C250 /* DateUtil.m */; };
		24DCF1941E310A890097C250 /* CardsView.m in Sources */ = {isa = PBXBuildFile; fileRef = 24DCF1931E310A890097C250 /* CardsView.m */; };
		24F2A0CB1E2F383A00F30FB1 /* KPTaskTableViewCell.xib in Resources */ = {isa = PBXBuildFile; fileRef = 24F2A0C91E2F383A00F30FB1 /* KPTaskTableViewCell.xib */; };
		24F2A0CE1E2F38C700F30FB1 /* KPTaskTableViewCell.m in Sources */ = {isa = PBXBuildFile; fileRef = 24F2A0CD1E2F38C700F30FB1 /* KPTaskTableViewCell.m */; };
		24F2A0D11E2F3F1800F30FB1 /* DBManager.m in Sources */ = {isa = PBXBuildFile; fileRef = 24F2A0D01E2F3F1800F30FB1 /* DBManager.m */; };
		24F2A0D41E2F481000F30FB1 /* KPSchemeTableViewController.m in Sources */ = {isa = PBXBuildFile; fileRef = 24F2A0D31E2F481000F30FB1 /* KPSchemeTableViewController.m */; };
		24F2A0D71E2F482100F30FB1 /* KPSchemeManager.m in Sources */ = {isa = PBXBuildFile; fileRef = 24F2A0D61E2F482100F30FB1 /* KPSchemeManager.m */; };
		24F2A0DB1E2F489100F30FB1 /* KPSchemeTableViewCell.m in Sources */ = {isa = PBXBuildFile; fileRef = 24F2A0D91E2F489100F30FB1 /* KPSchemeTableViewCell.m */; };
		24F2A0DC1E2F489100F30FB1 /* KPSchemeTableViewCell.xib in Resources */ = {isa = PBXBuildFile; fileRef = 24F2A0DA1E2F489100F30FB1 /* KPSchemeTableViewCell.xib */; };
		24F2A0F41E2F7B6E00F30FB1 /* Categories.m in Sources */ = {isa = PBXBuildFile; fileRef = 24F2A0E31E2F7B6E00F30FB1 /* Categories.m */; };
		24F2A0F51E2F7B6E00F30FB1 /* checkmark_icon_white.png in Resources */ = {isa = PBXBuildFile; fileRef = 24F2A0E51E2F7B6E00F30FB1 /* checkmark_icon_white.png */; };
		24F2A0F61E2F7B6E00F30FB1 /* checkmark_icon_white@2x.png in Resources */ = {isa = PBXBuildFile; fileRef = 24F2A0E61E2F7B6E00F30FB1 /* checkmark_icon_white@2x.png */; };
		24F2A0F71E2F7B6E00F30FB1 /* picker_wheel@2x.png in Resources */ = {isa = PBXBuildFile; fileRef = 24F2A0E71E2F7B6E00F30FB1 /* picker_wheel@2x.png */; };
		24F2A0F81E2F7B6E00F30FB1 /* picker_wheel_ip4.png in Resources */ = {isa = PBXBuildFile; fileRef = 24F2A0E81E2F7B6E00F30FB1 /* picker_wheel_ip4.png */; };
		24F2A0F91E2F7B6E00F30FB1 /* picker_wheel_ip4@2x.png in Resources */ = {isa = PBXBuildFile; fileRef = 24F2A0E91E2F7B6E00F30FB1 /* picker_wheel_ip4@2x.png */; };
		24F2A0FA1E2F7B6E00F30FB1 /* round_backarrow_big-high.png in Resources */ = {isa = PBXBuildFile; fileRef = 24F2A0EA1E2F7B6E00F30FB1 /* round_backarrow_big-high.png */; };
		24F2A0FB1E2F7B6E00F30FB1 /* round_backarrow_big-high@2x.png in Resources */ = {isa = PBXBuildFile; fileRef = 24F2A0EB1E2F7B6E00F30FB1 /* round_backarrow_big-high@2x.png */; };
		24F2A0FC1E2F7B6E00F30FB1 /* round_backarrow_big.png in Resources */ = {isa = PBXBuildFile; fileRef = 24F2A0EC1E2F7B6E00F30FB1 /* round_backarrow_big.png */; };
		24F2A0FD1E2F7B6E00F30FB1 /* round_backarrow_big@2x.png in Resources */ = {isa = PBXBuildFile; fileRef = 24F2A0ED1E2F7B6E00F30FB1 /* round_backarrow_big@2x.png */; };
		24F2A0FE1E2F7B6E00F30FB1 /* schedule_image_moon-high.png in Resources */ = {isa = PBXBuildFile; fileRef = 24F2A0EE1E2F7B6E00F30FB1 /* schedule_image_moon-high.png */; };
		24F2A0FF1E2F7B6E00F30FB1 /* schedule_image_moon-high@2x.png in Resources */ = {isa = PBXBuildFile; fileRef = 24F2A0EF1E2F7B6E00F30FB1 /* schedule_image_moon-high@2x.png */; };
		24F2A1001E2F7B6E00F30FB1 /* schedule_image_sun-high.png in Resources */ = {isa = PBXBuildFile; fileRef = 24F2A0F01E2F7B6E00F30FB1 /* schedule_image_sun-high.png */; };
		24F2A1011E2F7B6E00F30FB1 /* schedule_image_sun-high@2x.png in Resources */ = {isa = PBXBuildFile; fileRef = 24F2A0F11E2F7B6E00F30FB1 /* schedule_image_sun-high@2x.png */; };
		24F2A1021E2F7B6E00F30FB1 /* KPTimePicker.m in Sources */ = {isa = PBXBuildFile; fileRef = 24F2A0F31E2F7B6E00F30FB1 /* KPTimePicker.m */; };
		24F2A1061E2F7CBC00F30FB1 /* KPReminderViewController.m in Sources */ = {isa = PBXBuildFile; fileRef = 24F2A1051E2F7CBC00F30FB1 /* KPReminderViewController.m */; };
		5CB639CB421E29B47A2741DB /* libPods-Keeping.a in Frameworks */ = {isa = PBXBuildFile; fileRef = AC5A1BA89969620E5A37921E /* libPods-Keeping.a */; };
		B29DF1F523DB296B043EFE77 /* libPods-KeepingWidget.a in Frameworks */ = {isa = PBXBuildFile; fileRef = 7768AB7A1CE5FD0A347A4517 /* libPods-KeepingWidget.a */; };
/* End PBXBuildFile section */

/* Begin PBXContainerItemProxy section */
		247F01C21E3D9E1B001F900C /* PBXContainerItemProxy */ = {
			isa = PBXContainerItemProxy;
			containerPortal = 249AE30A1E2DEE7700F704F8 /* Project object */;
			proxyType = 1;
			remoteGlobalIDString = 247F01B61E3D9E1B001F900C;
			remoteInfo = KeepingWidget;
		};
/* End PBXContainerItemProxy section */

/* Begin PBXCopyFilesBuildPhase section */
		247F01C81E3D9E1B001F900C /* Embed App Extensions */ = {
			isa = PBXCopyFilesBuildPhase;
			buildActionMask = 2147483647;
			dstPath = "";
			dstSubfolderSpec = 13;
			files = (
				247F01C41E3D9E1B001F900C /* KeepingWidget.appex in Embed App Extensions */,
			);
			name = "Embed App Extensions";
			runOnlyForDeploymentPostprocessing = 0;
		};
		2486A5A21E4B22D6006B29EE /* Embed Watch Content */ = {
			isa = PBXCopyFilesBuildPhase;
			buildActionMask = 2147483647;
			dstPath = "$(CONTENTS_FOLDER_PATH)/Watch";
			dstSubfolderSpec = 16;
			files = (
			);
			name = "Embed Watch Content";
			runOnlyForDeploymentPostprocessing = 0;
		};
/* End PBXCopyFilesBuildPhase section */

/* Begin PBXFileReference section */
		240826DB1E570A1500EAC855 /* KPUserTableViewController.h */ = {isa = PBXFileReference; fileEncoding = 4; lastKnownFileType = sourcecode.c.h; path = KPUserTableViewController.h; sourceTree = "<group>"; };
		240826DC1E570A1500EAC855 /* KPUserTableViewController.m */ = {isa = PBXFileReference; fileEncoding = 4; lastKnownFileType = sourcecode.c.objc; path = KPUserTableViewController.m; sourceTree = "<group>"; };
		24151C901E322D6700757A69 /* KPTaskDetailTableViewController.h */ = {isa = PBXFileReference; fileEncoding = 4; lastKnownFileType = sourcecode.c.h; path = KPTaskDetailTableViewController.h; sourceTree = "<group>"; };
		24151C911E322D6700757A69 /* KPTaskDetailTableViewController.m */ = {isa = PBXFileReference; fileEncoding = 4; lastKnownFileType = sourcecode.c.objc; path = KPTaskDetailTableViewController.m; sourceTree = "<group>"; };
		24151C941E32378600757A69 /* Keeping.entitlements */ = {isa = PBXFileReference; lastKnownFileType = text.plist.entitlements; path = Keeping.entitlements; sourceTree = "<group>"; };
		24151C951E32388300757A69 /* UNManager.h */ = {isa = PBXFileReference; fileEncoding = 4; lastKnownFileType = sourcecode.c.h; path = UNManager.h; sourceTree = "<group>"; };
		24151C961E32388300757A69 /* UNManager.m */ = {isa = PBXFileReference; fileEncoding = 4; lastKnownFileType = sourcecode.c.objc; path = UNManager.m; sourceTree = "<group>"; };
		241A58051E7E36B9001356E0 /* KPCalInfoView.h */ = {isa = PBXFileReference; fileEncoding = 4; lastKnownFileType = sourcecode.c.h; path = KPCalInfoView.h; sourceTree = "<group>"; };
		241A58061E7E36B9001356E0 /* KPCalInfoView.m */ = {isa = PBXFileReference; fileEncoding = 4; lastKnownFileType = sourcecode.c.objc; path = KPCalInfoView.m; sourceTree = "<group>"; };
		241A58081E7E36C6001356E0 /* KPCalInfoView.xib */ = {isa = PBXFileReference; fileEncoding = 4; lastKnownFileType = file.xib; path = KPCalInfoView.xib; sourceTree = "<group>"; };
		241D3EFE1E7CFAD20051023F /* KPTaskDisplayTableViewController.h */ = {isa = PBXFileReference; fileEncoding = 4; lastKnownFileType = sourcecode.c.h; path = KPTaskDisplayTableViewController.h; sourceTree = "<group>"; };
		241D3EFF1E7CFAD20051023F /* KPTaskDisplayTableViewController.m */ = {isa = PBXFileReference; fileEncoding = 4; lastKnownFileType = sourcecode.c.objc; path = KPTaskDisplayTableViewController.m; sourceTree = "<group>"; };
		241FB6651E31D2F300DF4D53 /* HYCircleProgressView.h */ = {isa = PBXFileReference; fileEncoding = 4; lastKnownFileType = sourcecode.c.h; path = HYCircleProgressView.h; sourceTree = "<group>"; };
		241FB6661E31D2F300DF4D53 /* HYCircleProgressView.m */ = {isa = PBXFileReference; fileEncoding = 4; lastKnownFileType = sourcecode.c.objc; path = HYCircleProgressView.m; sourceTree = "<group>"; };
		242206681E5A6A3B00F03BA2 /* ImageUtil.h */ = {isa = PBXFileReference; fileEncoding = 4; lastKnownFileType = sourcecode.c.h; path = ImageUtil.h; sourceTree = "<group>"; };
		242206691E5A6A3B00F03BA2 /* ImageUtil.m */ = {isa = PBXFileReference; fileEncoding = 4; lastKnownFileType = sourcecode.c.objc; path = ImageUtil.m; sourceTree = "<group>"; };
		2422066B1E5A7D1A00F03BA2 /* KPAboutTableViewController.h */ = {isa = PBXFileReference; fileEncoding = 4; lastKnownFileType = sourcecode.c.h; path = KPAboutTableViewController.h; sourceTree = "<group>"; };
		2422066C1E5A7D1A00F03BA2 /* KPAboutTableViewController.m */ = {isa = PBXFileReference; fileEncoding = 4; lastKnownFileType = sourcecode.c.objc; path = KPAboutTableViewController.m; sourceTree = "<group>"; };
		242610391E51ACB30016DC64 /* KPColorPickerView.h */ = {isa = PBXFileReference; fileEncoding = 4; lastKnownFileType = sourcecode.c.h; path = KPColorPickerView.h; sourceTree = "<group>"; };
		2426103A1E51ACB30016DC64 /* KPColorPickerView.m */ = {isa = PBXFileReference; fileEncoding = 4; lastKnownFileType = sourcecode.c.objc; path = KPColorPickerView.m; sourceTree = "<group>"; };
		2426103C1E51ACBC0016DC64 /* KPColorPickerView.xib */ = {isa = PBXFileReference; fileEncoding = 4; lastKnownFileType = file.xib; path = KPColorPickerView.xib; sourceTree = "<group>"; };
		2429CBD21E2DF5E60027DD37 /* KPTodayTableViewController.h */ = {isa = PBXFileReference; fileEncoding = 4; lastKnownFileType = sourcecode.c.h; path = KPTodayTableViewController.h; sourceTree = "<group>"; };
		2429CBD31E2DF5E60027DD37 /* KPTodayTableViewController.m */ = {isa = PBXFileReference; fileEncoding = 4; lastKnownFileType = sourcecode.c.objc; path = KPTodayTableViewController.m; sourceTree = "<group>"; };
		2429CBD51E2DF6080027DD37 /* KPTaskTableViewController.h */ = {isa = PBXFileReference; fileEncoding = 4; lastKnownFileType = sourcecode.c.h; path = KPTaskTableViewController.h; sourceTree = "<group>"; };
		2429CBD61E2DF6080027DD37 /* KPTaskTableViewController.m */ = {isa = PBXFileReference; fileEncoding = 4; lastKnownFileType = sourcecode.c.objc; path = KPTaskTableViewController.m; sourceTree = "<group>"; };
		2429CBDB1E2DF61B0027DD37 /* KPSettingsTableViewController.h */ = {isa = PBXFileReference; fileEncoding = 4; lastKnownFileType = sourcecode.c.h; path = KPSettingsTableViewController.h; sourceTree = "<group>"; };
		2429CBDC1E2DF61B0027DD37 /* KPSettingsTableViewController.m */ = {isa = PBXFileReference; fileEncoding = 4; lastKnownFileType = sourcecode.c.objc; path = KPSettingsTableViewController.m; sourceTree = "<group>"; };
		2429CBE61E2E499A0027DD37 /* KPSeparatorView.h */ = {isa = PBXFileReference; fileEncoding = 4; lastKnownFileType = sourcecode.c.h; path = KPSeparatorView.h; sourceTree = "<group>"; };
		2429CBE71E2E499A0027DD37 /* KPSeparatorView.m */ = {isa = PBXFileReference; fileEncoding = 4; lastKnownFileType = sourcecode.c.objc; path = KPSeparatorView.m; sourceTree = "<group>"; };
		2429CBE91E2E49A60027DD37 /* KPSeparatorView.xib */ = {isa = PBXFileReference; fileEncoding = 4; lastKnownFileType = file.xib; path = KPSeparatorView.xib; sourceTree = "<group>"; };
		2429CBEB1E2E4A9B0027DD37 /* KPTodayTableViewCell.h */ = {isa = PBXFileReference; fileEncoding = 4; lastKnownFileType = sourcecode.c.h; path = KPTodayTableViewCell.h; sourceTree = "<group>"; };
		2429CBEC1E2E4A9B0027DD37 /* KPTodayTableViewCell.m */ = {isa = PBXFileReference; fileEncoding = 4; lastKnownFileType = sourcecode.c.objc; path = KPTodayTableViewCell.m; sourceTree = "<group>"; };
		2429CBED1E2E4A9B0027DD37 /* KPTodayTableViewCell.xib */ = {isa = PBXFileReference; fileEncoding = 4; lastKnownFileType = file.xib; path = KPTodayTableViewCell.xib; sourceTree = "<group>"; };
		2429CBF11E2E4E750027DD37 /* Utilities.h */ = {isa = PBXFileReference; fileEncoding = 4; lastKnownFileType = sourcecode.c.h; path = Utilities.h; sourceTree = "<group>"; };
		2429CBF21E2E4E750027DD37 /* Utilities.m */ = {isa = PBXFileReference; fileEncoding = 4; lastKnownFileType = sourcecode.c.objc; path = Utilities.m; sourceTree = "<group>"; };
		2429CBF91E2E5D510027DD37 /* KPTabBarViewController.h */ = {isa = PBXFileReference; fileEncoding = 4; lastKnownFileType = sourcecode.c.h; path = KPTabBarViewController.h; sourceTree = "<group>"; };
		2429CBFA1E2E5D510027DD37 /* KPTabBarViewController.m */ = {isa = PBXFileReference; fileEncoding = 4; lastKnownFileType = sourcecode.c.objc; path = KPTabBarViewController.m; sourceTree = "<group>"; };
		2433E6C41E65034600315D5B /* libAVOSCloudCrashReporting.a */ = {isa = PBXFileReference; lastKnownFileType = archive.ar; name = libAVOSCloudCrashReporting.a; path = "../../../../../Library/Developer/Xcode/DerivedData/Keeping-ejqrhezpewpcwpfbtvrmhjalbbdj/Build/Products/Debug-iphonesimulator/AVOSCloudCrashReporting/libAVOSCloudCrashReporting.a"; sourceTree = "<group>"; };
		2433E6C91E65184900315D5B /* libAVOSCloud.a */ = {isa = PBXFileReference; lastKnownFileType = archive.ar; name = libAVOSCloud.a; path = "Pods/../build/Debug-iphoneos/AVOSCloud/libAVOSCloud.a"; sourceTree = "<group>"; };
		2433E6CB1E65242B00315D5B /* libAVOSCloudCrashReporting.a */ = {isa = PBXFileReference; lastKnownFileType = archive.ar; name = libAVOSCloudCrashReporting.a; path = "../../../../../Library/Developer/Xcode/DerivedData/Keeping-ejqrhezpewpcwpfbtvrmhjalbbdj/Build/Products/Debug-iphoneos/AVOSCloudCrashReporting/libAVOSCloudCrashReporting.a"; sourceTree = "<group>"; };
		2433E6CD1E65247700315D5B /* libAVOSCloud.a */ = {isa = PBXFileReference; lastKnownFileType = archive.ar; name = libAVOSCloud.a; path = "../../../../../Library/Developer/Xcode/DerivedData/Keeping-ejqrhezpewpcwpfbtvrmhjalbbdj/Build/Products/Debug-iphoneos/AVOSCloud/libAVOSCloud.a"; sourceTree = "<group>"; };
		2435AF5A1E34D0D50065DC74 /* MLKMenuPopover.h */ = {isa = PBXFileReference; fileEncoding = 4; lastKnownFileType = sourcecode.c.h; path = MLKMenuPopover.h; sourceTree = "<group>"; };
		2435AF5B1E34D0D50065DC74 /* MLKMenuPopover.m */ = {isa = PBXFileReference; fileEncoding = 4; lastKnownFileType = sourcecode.c.objc; path = MLKMenuPopover.m; sourceTree = "<group>"; };
		2435DBEF1E35CCC300F1A96E /* KPFontTableViewController.h */ = {isa = PBXFileReference; fileEncoding = 4; lastKnownFileType = sourcecode.c.h; path = KPFontTableViewController.h; sourceTree = "<group>"; };
		2435DBF01E35CCC300F1A96E /* KPFontTableViewController.m */ = {isa = PBXFileReference; fileEncoding = 4; lastKnownFileType = sourcecode.c.objc; path = KPFontTableViewController.m; sourceTree = "<group>"; };
		2435F3351E5175FE00C6AAA6 /* KPWeekdayPickerView.xib */ = {isa = PBXFileReference; fileEncoding = 4; lastKnownFileType = file.xib; path = KPWeekdayPickerView.xib; sourceTree = "<group>"; };
		2436F8231E2F2C3300C2984A /* libsqlite3.0.tbd */ = {isa = PBXFileReference; lastKnownFileType = "sourcecode.text-based-dylib-definition"; name = libsqlite3.0.tbd; path = usr/lib/libsqlite3.0.tbd; sourceTree = SDKROOT; };
		2436F8251E2F2C4B00C2984A /* TaskManager.h */ = {isa = PBXFileReference; fileEncoding = 4; lastKnownFileType = sourcecode.c.h; path = TaskManager.h; sourceTree = "<group>"; };
		2436F8261E2F2C4B00C2984A /* TaskManager.m */ = {isa = PBXFileReference; fileEncoding = 4; lastKnownFileType = sourcecode.c.objc; path = TaskManager.m; sourceTree = "<group>"; };
		2436F8281E2F2C5700C2984A /* Task.h */ = {isa = PBXFileReference; fileEncoding = 4; lastKnownFileType = sourcecode.c.h; path = Task.h; sourceTree = "<group>"; };
		2436F8291E2F2C5700C2984A /* Task.m */ = {isa = PBXFileReference; fileEncoding = 4; lastKnownFileType = sourcecode.c.objc; path = Task.m; sourceTree = "<group>"; };
		244EB3031E3635B100D30AE3 /* KPImageViewController.h */ = {isa = PBXFileReference; fileEncoding = 4; lastKnownFileType = sourcecode.c.h; path = KPImageViewController.h; sourceTree = "<group>"; };
		244EB3041E3635B100D30AE3 /* KPImageViewController.m */ = {isa = PBXFileReference; fileEncoding = 4; lastKnownFileType = sourcecode.c.objc; path = KPImageViewController.m; sourceTree = "<group>"; };
		245196701E3CB82F00C18C5B /* TabBar.xcassets */ = {isa = PBXFileReference; lastKnownFileType = folder.assetcatalog; path = TabBar.xcassets; sourceTree = "<group>"; };
		24569A271F95E30500082EE4 /* KCProgressButton.h */ = {isa = PBXFileReference; lastKnownFileType = sourcecode.c.h; path = KCProgressButton.h; sourceTree = "<group>"; };
		24569A281F95E30500082EE4 /* KCProgressButton.m */ = {isa = PBXFileReference; lastKnownFileType = sourcecode.c.objc; path = KCProgressButton.m; sourceTree = "<group>"; };
		24569A2A1F95E31E00082EE4 /* KCEdgeInsetLabel.h */ = {isa = PBXFileReference; lastKnownFileType = sourcecode.c.h; path = KCEdgeInsetLabel.h; sourceTree = "<group>"; };
		24569A2B1F95E31E00082EE4 /* KCEdgeInsetLabel.m */ = {isa = PBXFileReference; lastKnownFileType = sourcecode.c.objc; path = KCEdgeInsetLabel.m; sourceTree = "<group>"; };
		2467A58A1E8A3FF700C41B11 /* KPNavigationTitleView.h */ = {isa = PBXFileReference; fileEncoding = 4; lastKnownFileType = sourcecode.c.h; path = KPNavigationTitleView.h; sourceTree = "<group>"; };
		2467A58B1E8A3FF700C41B11 /* KPNavigationTitleView.m */ = {isa = PBXFileReference; fileEncoding = 4; lastKnownFileType = sourcecode.c.objc; path = KPNavigationTitleView.m; sourceTree = "<group>"; };
		24699F011E2F213D0092FBED /* KPNavigationViewController.h */ = {isa = PBXFileReference; fileEncoding = 4; lastKnownFileType = sourcecode.c.h; path = KPNavigationViewController.h; sourceTree = "<group>"; };
		24699F021E2F213D0092FBED /* KPNavigationViewController.m */ = {isa = PBXFileReference; fileEncoding = 4; lastKnownFileType = sourcecode.c.objc; path = KPNavigationViewController.m; sourceTree = "<group>"; };
		24699F041E2F23C60092FBED /* Navigation.xcassets */ = {isa = PBXFileReference; lastKnownFileType = folder.assetcatalog; path = Navigation.xcassets; sourceTree = "<group>"; };
		246AEF081E64214A00D78FDD /* UIImage+Extensions.h */ = {isa = PBXFileReference; fileEncoding = 4; lastKnownFileType = sourcecode.c.h; path = "UIImage+Extensions.h"; sourceTree = "<group>"; };
		246AEF091E64214A00D78FDD /* UIImage+Extensions.m */ = {isa = PBXFileReference; fileEncoding = 4; lastKnownFileType = sourcecode.c.objc; path = "UIImage+Extensions.m"; sourceTree = "<group>"; };
		246BF2511EE112FE002FE39A /* AppKeys.h */ = {isa = PBXFileReference; fileEncoding = 4; lastKnownFileType = sourcecode.c.h; path = AppKeys.h; sourceTree = "<group>"; };
		246BF2521EE112FE002FE39A /* AppKeys.m */ = {isa = PBXFileReference; fileEncoding = 4; lastKnownFileType = sourcecode.c.objc; path = AppKeys.m; sourceTree = "<group>"; };
		247A797E1E38ABF1000EE623 /* ABCIntroView.h */ = {isa = PBXFileReference; fileEncoding = 4; lastKnownFileType = sourcecode.c.h; path = ABCIntroView.h; sourceTree = "<group>"; };
		247A797F1E38ABF1000EE623 /* ABCIntroView.m */ = {isa = PBXFileReference; fileEncoding = 4; lastKnownFileType = sourcecode.c.objc; lineEnding = 0; path = ABCIntroView.m; sourceTree = "<group>"; xcLanguageSpecificationIdentifier = xcode.lang.objc; };
		247C8EB81F94FA0D0098B574 /* KPTaskTableViewController+Touch.h */ = {isa = PBXFileReference; lastKnownFileType = sourcecode.c.h; path = "KPTaskTableViewController+Touch.h"; sourceTree = "<group>"; };
		247C8EB91F94FA0D0098B574 /* KPTaskTableViewController+Touch.m */ = {isa = PBXFileReference; lastKnownFileType = sourcecode.c.objc; path = "KPTaskTableViewController+Touch.m"; sourceTree = "<group>"; };
		247C8EBB1F94FAB40098B574 /* KPTodayTableViewController+Touch.h */ = {isa = PBXFileReference; lastKnownFileType = sourcecode.c.h; path = "KPTodayTableViewController+Touch.h"; sourceTree = "<group>"; };
		247C8EBC1F94FAB40098B574 /* KPTodayTableViewController+Touch.m */ = {isa = PBXFileReference; lastKnownFileType = sourcecode.c.objc; path = "KPTodayTableViewController+Touch.m"; sourceTree = "<group>"; };
		247F01B71E3D9E1B001F900C /* KeepingWidget.appex */ = {isa = PBXFileReference; explicitFileType = "wrapper.app-extension"; includeInIndex = 0; path = KeepingWidget.appex; sourceTree = BUILT_PRODUCTS_DIR; };
		247F01B81E3D9E1B001F900C /* NotificationCenter.framework */ = {isa = PBXFileReference; lastKnownFileType = wrapper.framework; name = NotificationCenter.framework; path = System/Library/Frameworks/NotificationCenter.framework; sourceTree = SDKROOT; };
		247F01BB1E3D9E1B001F900C /* TodayViewController.h */ = {isa = PBXFileReference; lastKnownFileType = sourcecode.c.h; path = TodayViewController.h; sourceTree = "<group>"; };
		247F01BC1E3D9E1B001F900C /* TodayViewController.m */ = {isa = PBXFileReference; lastKnownFileType = sourcecode.c.objc; path = TodayViewController.m; sourceTree = "<group>"; };
		247F01C11E3D9E1B001F900C /* Info.plist */ = {isa = PBXFileReference; lastKnownFileType = text.plist.xml; path = Info.plist; sourceTree = "<group>"; };
		247F01C91E3D9F16001F900C /* KeepingWidget.entitlements */ = {isa = PBXFileReference; lastKnownFileType = text.plist.entitlements; path = KeepingWidget.entitlements; sourceTree = "<group>"; };
		247F01CE1E3DB4F8001F900C /* KPWidgetTableViewCell.h */ = {isa = PBXFileReference; fileEncoding = 4; lastKnownFileType = sourcecode.c.h; path = KPWidgetTableViewCell.h; sourceTree = "<group>"; };
		247F01CF1E3DB4F8001F900C /* KPWidgetTableViewCell.m */ = {isa = PBXFileReference; fileEncoding = 4; lastKnownFileType = sourcecode.c.objc; path = KPWidgetTableViewCell.m; sourceTree = "<group>"; };
		247F01D01E3DB4F8001F900C /* KPWidgetTableViewCell.xib */ = {isa = PBXFileReference; fileEncoding = 4; lastKnownFileType = file.xib; path = KPWidgetTableViewCell.xib; sourceTree = "<group>"; };
		247F01D61E3DBC4E001F900C /* MainInterface.storyboard */ = {isa = PBXFileReference; fileEncoding = 4; lastKnownFileType = file.storyboard; path = MainInterface.storyboard; sourceTree = "<group>"; };
		2493299B1E549EA300C85070 /* KPTabBar.h */ = {isa = PBXFileReference; fileEncoding = 4; lastKnownFileType = sourcecode.c.h; path = KPTabBar.h; sourceTree = "<group>"; };
		2493299C1E549EA300C85070 /* KPTabBar.m */ = {isa = PBXFileReference; fileEncoding = 4; lastKnownFileType = sourcecode.c.objc; path = KPTabBar.m; sourceTree = "<group>"; };
		249700451E5607210015CC5F /* KPTypeTableViewController.h */ = {isa = PBXFileReference; fileEncoding = 4; lastKnownFileType = sourcecode.c.h; path = KPTypeTableViewController.h; sourceTree = "<group>"; };
		249700461E5607210015CC5F /* KPTypeTableViewController.m */ = {isa = PBXFileReference; fileEncoding = 4; lastKnownFileType = sourcecode.c.objc; path = KPTypeTableViewController.m; sourceTree = "<group>"; };
		249700481E56075B0015CC5F /* KPTypeColorTableViewCell.h */ = {isa = PBXFileReference; fileEncoding = 4; lastKnownFileType = sourcecode.c.h; path = KPTypeColorTableViewCell.h; sourceTree = "<group>"; };
		249700491E56075B0015CC5F /* KPTypeColorTableViewCell.m */ = {isa = PBXFileReference; fileEncoding = 4; lastKnownFileType = sourcecode.c.objc; path = KPTypeColorTableViewCell.m; sourceTree = "<group>"; };
		2497004A1E56075B0015CC5F /* KPTypeColorTableViewCell.xib */ = {isa = PBXFileReference; fileEncoding = 4; lastKnownFileType = file.xib; path = KPTypeColorTableViewCell.xib; sourceTree = "<group>"; };
		249AE3121E2DEE7700F704F8 /* Keeping.app */ = {isa = PBXFileReference; explicitFileType = wrapper.application; includeInIndex = 0; path = Keeping.app; sourceTree = BUILT_PRODUCTS_DIR; };
		249AE3161E2DEE7700F704F8 /* main.m */ = {isa = PBXFileReference; lastKnownFileType = sourcecode.c.objc; path = main.m; sourceTree = "<group>"; };
		249AE3181E2DEE7700F704F8 /* AppDelegate.h */ = {isa = PBXFileReference; lastKnownFileType = sourcecode.c.h; path = AppDelegate.h; sourceTree = "<group>"; };
		249AE3191E2DEE7700F704F8 /* AppDelegate.m */ = {isa = PBXFileReference; lastKnownFileType = sourcecode.c.objc; path = AppDelegate.m; sourceTree = "<group>"; };
		249AE31F1E2DEE7700F704F8 /* Base */ = {isa = PBXFileReference; lastKnownFileType = file.storyboard; name = Base; path = Base.lproj/Main.storyboard; sourceTree = "<group>"; };
		249AE3221E2DEE7700F704F8 /* Keeping.xcdatamodel */ = {isa = PBXFileReference; lastKnownFileType = wrapper.xcdatamodel; path = Keeping.xcdatamodel; sourceTree = "<group>"; };
		249AE3241E2DEE7700F704F8 /* Assets.xcassets */ = {isa = PBXFileReference; lastKnownFileType = folder.assetcatalog; path = Assets.xcassets; sourceTree = "<group>"; };
		249AE3271E2DEE7700F704F8 /* Base */ = {isa = PBXFileReference; lastKnownFileType = file.storyboard; name = Base; path = Base.lproj/LaunchScreen.storyboard; sourceTree = "<group>"; };
		249AE3291E2DEE7700F704F8 /* Info.plist */ = {isa = PBXFileReference; lastKnownFileType = text.plist.xml; path = Info.plist; sourceTree = "<group>"; };
		24A0CD6A1E56CED80017EE22 /* KPScheme.h */ = {isa = PBXFileReference; fileEncoding = 4; lastKnownFileType = sourcecode.c.h; path = KPScheme.h; sourceTree = "<group>"; };
		24A0CD6B1E56CED80017EE22 /* KPScheme.m */ = {isa = PBXFileReference; fileEncoding = 4; lastKnownFileType = sourcecode.c.objc; path = KPScheme.m; sourceTree = "<group>"; };
		24BA799F1E516949002133B6 /* TaskDataHelper.h */ = {isa = PBXFileReference; fileEncoding = 4; lastKnownFileType = sourcecode.c.h; path = TaskDataHelper.h; sourceTree = "<group>"; };
		24BA79A01E516949002133B6 /* TaskDataHelper.m */ = {isa = PBXFileReference; fileEncoding = 4; lastKnownFileType = sourcecode.c.objc; path = TaskDataHelper.m; sourceTree = "<group>"; };
		24BA79A91E516FE0002133B6 /* KPWeekdayPickerView.h */ = {isa = PBXFileReference; fileEncoding = 4; lastKnownFileType = sourcecode.c.h; path = KPWeekdayPickerView.h; sourceTree = "<group>"; };
		24BA79AA1E516FE0002133B6 /* KPWeekdayPickerView.m */ = {isa = PBXFileReference; fileEncoding = 4; lastKnownFileType = sourcecode.c.objc; path = KPWeekdayPickerView.m; sourceTree = "<group>"; };
		24BB39731F95DAA800D0BAE0 /* Intro_Screen_Four.png */ = {isa = PBXFileReference; lastKnownFileType = image.png; name = Intro_Screen_Four.png; path = ../../Tutorial/Intro_Screen_Four.png; sourceTree = "<group>"; };
		24BB39741F95DAA800D0BAE0 /* Intro_Screen_Three.png */ = {isa = PBXFileReference; lastKnownFileType = image.png; name = Intro_Screen_Three.png; path = ../../Tutorial/Intro_Screen_Three.png; sourceTree = "<group>"; };
		24BB39751F95DAA800D0BAE0 /* Intro_Screen_One.png */ = {isa = PBXFileReference; lastKnownFileType = image.png; name = Intro_Screen_One.png; path = ../../Tutorial/Intro_Screen_One.png; sourceTree = "<group>"; };
		24BB39761F95DAA800D0BAE0 /* Intro_Screen_Two.png */ = {isa = PBXFileReference; lastKnownFileType = image.png; name = Intro_Screen_Two.png; path = ../../Tutorial/Intro_Screen_Two.png; sourceTree = "<group>"; };
		24BB39771F95DCC600D0BAE0 /* Intro_Screen_Five.png */ = {isa = PBXFileReference; lastKnownFileType = image.png; name = Intro_Screen_Five.png; path = ../../Tutorial/Intro_Screen_Five.png; sourceTree = "<group>"; };
		24D2D7FE1E8A2D060056D1AD /* KPTimeView.h */ = {isa = PBXFileReference; fileEncoding = 4; lastKnownFileType = sourcecode.c.h; path = KPTimeView.h; sourceTree = "<group>"; };
		24D2D7FF1E8A2D060056D1AD /* KPTimeView.m */ = {isa = PBXFileReference; fileEncoding = 4; lastKnownFileType = sourcecode.c.objc; path = KPTimeView.m; sourceTree = "<group>"; };
		24D2D8011E8A2D130056D1AD /* KPTimeView.xib */ = {isa = PBXFileReference; fileEncoding = 4; lastKnownFileType = file.xib; path = KPTimeView.xib; sourceTree = "<group>"; };
		24DCF1881E3094050097C250 /* DateUtil.h */ = {isa = PBXFileReference; fileEncoding = 4; lastKnownFileType = sourcecode.c.h; path = DateUtil.h; sourceTree = "<group>"; };
		24DCF1891E3094050097C250 /* DateUtil.m */ = {isa = PBXFileReference; fileEncoding = 4; lastKnownFileType = sourcecode.c.objc; path = DateUtil.m; sourceTree = "<group>"; };
		24DCF1921E310A890097C250 /* CardsView.h */ = {isa = PBXFileReference; fileEncoding = 4; lastKnownFileType = sourcecode.c.h; path = CardsView.h; sourceTree = "<group>"; };
		24DCF1931E310A890097C250 /* CardsView.m */ = {isa = PBXFileReference; fileEncoding = 4; lastKnownFileType = sourcecode.c.objc; path = CardsView.m; sourceTree = "<group>"; };
		24F2A0C91E2F383A00F30FB1 /* KPTaskTableViewCell.xib */ = {isa = PBXFileReference; fileEncoding = 4; lastKnownFileType = file.xib; path = KPTaskTableViewCell.xib; sourceTree = "<group>"; };
		24F2A0CC1E2F38C700F30FB1 /* KPTaskTableViewCell.h */ = {isa = PBXFileReference; fileEncoding = 4; lastKnownFileType = sourcecode.c.h; path = KPTaskTableViewCell.h; sourceTree = "<group>"; };
		24F2A0CD1E2F38C700F30FB1 /* KPTaskTableViewCell.m */ = {isa = PBXFileReference; fileEncoding = 4; lastKnownFileType = sourcecode.c.objc; path = KPTaskTableViewCell.m; sourceTree = "<group>"; };
		24F2A0CF1E2F3F1800F30FB1 /* DBManager.h */ = {isa = PBXFileReference; fileEncoding = 4; lastKnownFileType = sourcecode.c.h; path = DBManager.h; sourceTree = "<group>"; };
		24F2A0D01E2F3F1800F30FB1 /* DBManager.m */ = {isa = PBXFileReference; fileEncoding = 4; lastKnownFileType = sourcecode.c.objc; path = DBManager.m; sourceTree = "<group>"; };
		24F2A0D21E2F481000F30FB1 /* KPSchemeTableViewController.h */ = {isa = PBXFileReference; fileEncoding = 4; lastKnownFileType = sourcecode.c.h; path = KPSchemeTableViewController.h; sourceTree = "<group>"; };
		24F2A0D31E2F481000F30FB1 /* KPSchemeTableViewController.m */ = {isa = PBXFileReference; fileEncoding = 4; lastKnownFileType = sourcecode.c.objc; path = KPSchemeTableViewController.m; sourceTree = "<group>"; };
		24F2A0D51E2F482100F30FB1 /* KPSchemeManager.h */ = {isa = PBXFileReference; fileEncoding = 4; lastKnownFileType = sourcecode.c.h; path = KPSchemeManager.h; sourceTree = "<group>"; };
		24F2A0D61E2F482100F30FB1 /* KPSchemeManager.m */ = {isa = PBXFileReference; fileEncoding = 4; lastKnownFileType = sourcecode.c.objc; path = KPSchemeManager.m; sourceTree = "<group>"; };
		24F2A0D81E2F489100F30FB1 /* KPSchemeTableViewCell.h */ = {isa = PBXFileReference; fileEncoding = 4; lastKnownFileType = sourcecode.c.h; path = KPSchemeTableViewCell.h; sourceTree = "<group>"; };
		24F2A0D91E2F489100F30FB1 /* KPSchemeTableViewCell.m */ = {isa = PBXFileReference; fileEncoding = 4; lastKnownFileType = sourcecode.c.objc; path = KPSchemeTableViewCell.m; sourceTree = "<group>"; };
		24F2A0DA1E2F489100F30FB1 /* KPSchemeTableViewCell.xib */ = {isa = PBXFileReference; fileEncoding = 4; lastKnownFileType = file.xib; path = KPSchemeTableViewCell.xib; sourceTree = "<group>"; };
		24F2A0E21E2F7B6E00F30FB1 /* Categories.h */ = {isa = PBXFileReference; fileEncoding = 4; lastKnownFileType = sourcecode.c.h; path = Categories.h; sourceTree = "<group>"; };
		24F2A0E31E2F7B6E00F30FB1 /* Categories.m */ = {isa = PBXFileReference; fileEncoding = 4; lastKnownFileType = sourcecode.c.objc; path = Categories.m; sourceTree = "<group>"; };
		24F2A0E51E2F7B6E00F30FB1 /* checkmark_icon_white.png */ = {isa = PBXFileReference; lastKnownFileType = image.png; path = checkmark_icon_white.png; sourceTree = "<group>"; };
		24F2A0E61E2F7B6E00F30FB1 /* checkmark_icon_white@2x.png */ = {isa = PBXFileReference; lastKnownFileType = image.png; path = "checkmark_icon_white@2x.png"; sourceTree = "<group>"; };
		24F2A0E71E2F7B6E00F30FB1 /* picker_wheel@2x.png */ = {isa = PBXFileReference; lastKnownFileType = image.png; path = "picker_wheel@2x.png"; sourceTree = "<group>"; };
		24F2A0E81E2F7B6E00F30FB1 /* picker_wheel_ip4.png */ = {isa = PBXFileReference; lastKnownFileType = image.png; path = picker_wheel_ip4.png; sourceTree = "<group>"; };
		24F2A0E91E2F7B6E00F30FB1 /* picker_wheel_ip4@2x.png */ = {isa = PBXFileReference; lastKnownFileType = image.png; path = "picker_wheel_ip4@2x.png"; sourceTree = "<group>"; };
		24F2A0EA1E2F7B6E00F30FB1 /* round_backarrow_big-high.png */ = {isa = PBXFileReference; lastKnownFileType = image.png; path = "round_backarrow_big-high.png"; sourceTree = "<group>"; };
		24F2A0EB1E2F7B6E00F30FB1 /* round_backarrow_big-high@2x.png */ = {isa = PBXFileReference; lastKnownFileType = image.png; path = "round_backarrow_big-high@2x.png"; sourceTree = "<group>"; };
		24F2A0EC1E2F7B6E00F30FB1 /* round_backarrow_big.png */ = {isa = PBXFileReference; lastKnownFileType = image.png; path = round_backarrow_big.png; sourceTree = "<group>"; };
		24F2A0ED1E2F7B6E00F30FB1 /* round_backarrow_big@2x.png */ = {isa = PBXFileReference; lastKnownFileType = image.png; path = "round_backarrow_big@2x.png"; sourceTree = "<group>"; };
		24F2A0EE1E2F7B6E00F30FB1 /* schedule_image_moon-high.png */ = {isa = PBXFileReference; lastKnownFileType = image.png; path = "schedule_image_moon-high.png"; sourceTree = "<group>"; };
		24F2A0EF1E2F7B6E00F30FB1 /* schedule_image_moon-high@2x.png */ = {isa = PBXFileReference; lastKnownFileType = image.png; path = "schedule_image_moon-high@2x.png"; sourceTree = "<group>"; };
		24F2A0F01E2F7B6E00F30FB1 /* schedule_image_sun-high.png */ = {isa = PBXFileReference; lastKnownFileType = image.png; path = "schedule_image_sun-high.png"; sourceTree = "<group>"; };
		24F2A0F11E2F7B6E00F30FB1 /* schedule_image_sun-high@2x.png */ = {isa = PBXFileReference; lastKnownFileType = image.png; path = "schedule_image_sun-high@2x.png"; sourceTree = "<group>"; };
		24F2A0F21E2F7B6E00F30FB1 /* KPTimePicker.h */ = {isa = PBXFileReference; fileEncoding = 4; lastKnownFileType = sourcecode.c.h; path = KPTimePicker.h; sourceTree = "<group>"; };
		24F2A0F31E2F7B6E00F30FB1 /* KPTimePicker.m */ = {isa = PBXFileReference; fileEncoding = 4; lastKnownFileType = sourcecode.c.objc; path = KPTimePicker.m; sourceTree = "<group>"; };
		24F2A1041E2F7CBC00F30FB1 /* KPReminderViewController.h */ = {isa = PBXFileReference; fileEncoding = 4; lastKnownFileType = sourcecode.c.h; path = KPReminderViewController.h; sourceTree = "<group>"; };
		24F2A1051E2F7CBC00F30FB1 /* KPReminderViewController.m */ = {isa = PBXFileReference; fileEncoding = 4; lastKnownFileType = sourcecode.c.objc; path = KPReminderViewController.m; sourceTree = "<group>"; };
		3303168DFB48063C3EC132E2 /* Pods-KeepingWidget.debug.xcconfig */ = {isa = PBXFileReference; includeInIndex = 1; lastKnownFileType = text.xcconfig; name = "Pods-KeepingWidget.debug.xcconfig"; path = "Pods/Target Support Files/Pods-KeepingWidget/Pods-KeepingWidget.debug.xcconfig"; sourceTree = "<group>"; };
		536AA62E968456370B920F00 /* libPods-KeepingWatch Extension.a */ = {isa = PBXFileReference; explicitFileType = archive.ar; includeInIndex = 0; path = "libPods-KeepingWatch Extension.a"; sourceTree = BUILT_PRODUCTS_DIR; };
		7768AB7A1CE5FD0A347A4517 /* libPods-KeepingWidget.a */ = {isa = PBXFileReference; explicitFileType = archive.ar; includeInIndex = 0; path = "libPods-KeepingWidget.a"; sourceTree = BUILT_PRODUCTS_DIR; };
		90B7675F597B76B950B77B8B /* Pods-Keeping.release.xcconfig */ = {isa = PBXFileReference; includeInIndex = 1; lastKnownFileType = text.xcconfig; name = "Pods-Keeping.release.xcconfig"; path = "Pods/Target Support Files/Pods-Keeping/Pods-Keeping.release.xcconfig"; sourceTree = "<group>"; };
		A82AAE1686C2E350CED30CF7 /* libPods-KeepingWatch.a */ = {isa = PBXFileReference; explicitFileType = archive.ar; includeInIndex = 0; path = "libPods-KeepingWatch.a"; sourceTree = BUILT_PRODUCTS_DIR; };
		AC5A1BA89969620E5A37921E /* libPods-Keeping.a */ = {isa = PBXFileReference; explicitFileType = archive.ar; includeInIndex = 0; path = "libPods-Keeping.a"; sourceTree = BUILT_PRODUCTS_DIR; };
		D878305BCC1A269899CF1ACC /* Pods-Keeping.debug.xcconfig */ = {isa = PBXFileReference; includeInIndex = 1; lastKnownFileType = text.xcconfig; name = "Pods-Keeping.debug.xcconfig"; path = "Pods/Target Support Files/Pods-Keeping/Pods-Keeping.debug.xcconfig"; sourceTree = "<group>"; };
		F23AC8433168973E490B2488 /* Pods-KeepingWidget.release.xcconfig */ = {isa = PBXFileReference; includeInIndex = 1; lastKnownFileType = text.xcconfig; name = "Pods-KeepingWidget.release.xcconfig"; path = "Pods/Target Support Files/Pods-KeepingWidget/Pods-KeepingWidget.release.xcconfig"; sourceTree = "<group>"; };
/* End PBXFileReference section */

/* Begin PBXFrameworksBuildPhase section */
		247F01B41E3D9E1B001F900C /* Frameworks */ = {
			isa = PBXFrameworksBuildPhase;
			buildActionMask = 2147483647;
			files = (
				247F01B91E3D9E1B001F900C /* NotificationCenter.framework in Frameworks */,
				B29DF1F523DB296B043EFE77 /* libPods-KeepingWidget.a in Frameworks */,
			);
			runOnlyForDeploymentPostprocessing = 0;
		};
		249AE30F1E2DEE7700F704F8 /* Frameworks */ = {
			isa = PBXFrameworksBuildPhase;
			buildActionMask = 2147483647;
			files = (
				2436F8241E2F2C3300C2984A /* libsqlite3.0.tbd in Frameworks */,
				5CB639CB421E29B47A2741DB /* libPods-Keeping.a in Frameworks */,
			);
			runOnlyForDeploymentPostprocessing = 0;
		};
/* End PBXFrameworksBuildPhase section */

/* Begin PBXGroup section */
		240826DE1E570A1C00EAC855 /* User */ = {
			isa = PBXGroup;
			children = (
				240826DB1E570A1500EAC855 /* KPUserTableViewController.h */,
				240826DC1E570A1500EAC855 /* KPUserTableViewController.m */,
			);
			name = User;
			sourceTree = "<group>";
		};
		241A580A1E7E396C001356E0 /* KPCalInfoView */ = {
			isa = PBXGroup;
			children = (
				241A58051E7E36B9001356E0 /* KPCalInfoView.h */,
				241A58061E7E36B9001356E0 /* KPCalInfoView.m */,
				241A58081E7E36C6001356E0 /* KPCalInfoView.xib */,
			);
			name = KPCalInfoView;
			sourceTree = "<group>";
		};
		242610381E519C500016DC64 /* KPWeekdayPickerView */ = {
			isa = PBXGroup;
			children = (
				24BA79A91E516FE0002133B6 /* KPWeekdayPickerView.h */,
				24BA79AA1E516FE0002133B6 /* KPWeekdayPickerView.m */,
				2435F3351E5175FE00C6AAA6 /* KPWeekdayPickerView.xib */,
			);
			name = KPWeekdayPickerView;
			sourceTree = "<group>";
		};
		2426103E1E51BC7E0016DC64 /* KPColorPickerView */ = {
			isa = PBXGroup;
			children = (
				242610391E51ACB30016DC64 /* KPColorPickerView.h */,
				2426103A1E51ACB30016DC64 /* KPColorPickerView.m */,
				2426103C1E51ACBC0016DC64 /* KPColorPickerView.xib */,
			);
			name = KPColorPickerView;
			sourceTree = "<group>";
		};
		2429CBF01E2E4AA20027DD37 /* Today */ = {
			isa = PBXGroup;
			children = (
				2429CBD21E2DF5E60027DD37 /* KPTodayTableViewController.h */,
				2429CBD31E2DF5E60027DD37 /* KPTodayTableViewController.m */,
				247C8EBB1F94FAB40098B574 /* KPTodayTableViewController+Touch.h */,
				247C8EBC1F94FAB40098B574 /* KPTodayTableViewController+Touch.m */,
				2429CBEB1E2E4A9B0027DD37 /* KPTodayTableViewCell.h */,
				2429CBEC1E2E4A9B0027DD37 /* KPTodayTableViewCell.m */,
				2429CBED1E2E4A9B0027DD37 /* KPTodayTableViewCell.xib */,
			);
			name = Today;
			sourceTree = "<group>";
		};
		2429CBF41E2E53C50027DD37 /* Settings */ = {
			isa = PBXGroup;
			children = (
				2429CBDB1E2DF61B0027DD37 /* KPSettingsTableViewController.h */,
				2429CBDC1E2DF61B0027DD37 /* KPSettingsTableViewController.m */,
				2493AFA31E57DEF000098DB0 /* About */,
				240826DE1E570A1C00EAC855 /* User */,
				2435DBF51E35CCD400F1A96E /* Font */,
				2497004D1E5607610015CC5F /* TypeText */,
			);
			name = Settings;
			sourceTree = "<group>";
		};
		2429CBF61E2E53D30027DD37 /* Task */ = {
			isa = PBXGroup;
			children = (
				2429CBD51E2DF6080027DD37 /* KPTaskTableViewController.h */,
				2429CBD61E2DF6080027DD37 /* KPTaskTableViewController.m */,
				247C8EB81F94FA0D0098B574 /* KPTaskTableViewController+Touch.h */,
				247C8EB91F94FA0D0098B574 /* KPTaskTableViewController+Touch.m */,
				24F2A0CC1E2F38C700F30FB1 /* KPTaskTableViewCell.h */,
				24F2A0CD1E2F38C700F30FB1 /* KPTaskTableViewCell.m */,
				24F2A0C91E2F383A00F30FB1 /* KPTaskTableViewCell.xib */,
				248A49891E5D31F80038868A /* Reminder */,
			);
			name = Task;
			sourceTree = "<group>";
		};
		2435DBF51E35CCD400F1A96E /* Font */ = {
			isa = PBXGroup;
			children = (
				2435DBEF1E35CCC300F1A96E /* KPFontTableViewController.h */,
				2435DBF01E35CCC300F1A96E /* KPFontTableViewController.m */,
			);
			name = Font;
			sourceTree = "<group>";
		};
		2436F82B1E2F2FC000C2984A /* TaskData */ = {
			isa = PBXGroup;
			children = (
				2436F8281E2F2C5700C2984A /* Task.h */,
				2436F8291E2F2C5700C2984A /* Task.m */,
				2436F8251E2F2C4B00C2984A /* TaskManager.h */,
				2436F8261E2F2C4B00C2984A /* TaskManager.m */,
				24BA799F1E516949002133B6 /* TaskDataHelper.h */,
				24BA79A01E516949002133B6 /* TaskDataHelper.m */,
			);
			name = TaskData;
			sourceTree = "<group>";
		};
		2467A5891E8A3DBB00C41B11 /* KPTimeView */ = {
			isa = PBXGroup;
			children = (
				24D2D7FE1E8A2D060056D1AD /* KPTimeView.h */,
				24D2D7FF1E8A2D060056D1AD /* KPTimeView.m */,
				24D2D8011E8A2D130056D1AD /* KPTimeView.xib */,
			);
			name = KPTimeView;
			sourceTree = "<group>";
		};
		2467A58D1E8A45B600C41B11 /* KPNavigationTitleView */ = {
			isa = PBXGroup;
			children = (
				2467A58A1E8A3FF700C41B11 /* KPNavigationTitleView.h */,
				2467A58B1E8A3FF700C41B11 /* KPNavigationTitleView.m */,
			);
			name = KPNavigationTitleView;
			sourceTree = "<group>";
		};
		246B95EF1E5BE34B00DAB2E9 /* AssistVCs */ = {
			isa = PBXGroup;
			children = (
				24699F011E2F213D0092FBED /* KPNavigationViewController.h */,
				24699F021E2F213D0092FBED /* KPNavigationViewController.m */,
				2429CBF91E2E5D510027DD37 /* KPTabBarViewController.h */,
				2429CBFA1E2E5D510027DD37 /* KPTabBarViewController.m */,
				244EB3031E3635B100D30AE3 /* KPImageViewController.h */,
				244EB3041E3635B100D30AE3 /* KPImageViewController.m */,
			);
			name = AssistVCs;
			sourceTree = "<group>";
		};
		247F01BA1E3D9E1B001F900C /* KeepingWidget */ = {
			isa = PBXGroup;
			children = (
				247F01C91E3D9F16001F900C /* KeepingWidget.entitlements */,
				247F01BB1E3D9E1B001F900C /* TodayViewController.h */,
				247F01BC1E3D9E1B001F900C /* TodayViewController.m */,
				247F01D61E3DBC4E001F900C /* MainInterface.storyboard */,
				247F01CE1E3DB4F8001F900C /* KPWidgetTableViewCell.h */,
				247F01CF1E3DB4F8001F900C /* KPWidgetTableViewCell.m */,
				247F01D01E3DB4F8001F900C /* KPWidgetTableViewCell.xib */,
				247F01C11E3D9E1B001F900C /* Info.plist */,
			);
			path = KeepingWidget;
			sourceTree = "<group>";
		};
		248A49891E5D31F80038868A /* Reminder */ = {
			isa = PBXGroup;
			children = (
				24F2A1041E2F7CBC00F30FB1 /* KPReminderViewController.h */,
				24F2A1051E2F7CBC00F30FB1 /* KPReminderViewController.m */,
			);
			name = Reminder;
			sourceTree = "<group>";
		};
		2493AFA31E57DEF000098DB0 /* About */ = {
			isa = PBXGroup;
			children = (
				2422066B1E5A7D1A00F03BA2 /* KPAboutTableViewController.h */,
				2422066C1E5A7D1A00F03BA2 /* KPAboutTableViewController.m */,
			);
			name = About;
			sourceTree = "<group>";
		};
		2497004D1E5607610015CC5F /* TypeText */ = {
			isa = PBXGroup;
			children = (
				249700451E5607210015CC5F /* KPTypeTableViewController.h */,
				249700461E5607210015CC5F /* KPTypeTableViewController.m */,
				249700481E56075B0015CC5F /* KPTypeColorTableViewCell.h */,
				249700491E56075B0015CC5F /* KPTypeColorTableViewCell.m */,
				2497004A1E56075B0015CC5F /* KPTypeColorTableViewCell.xib */,
			);
			name = TypeText;
			sourceTree = "<group>";
		};
		249AE3091E2DEE7700F704F8 = {
			isa = PBXGroup;
			children = (
				249AE3141E2DEE7700F704F8 /* Keeping */,
				247F01BA1E3D9E1B001F900C /* KeepingWidget */,
				249AE3131E2DEE7700F704F8 /* Products */,
				DC76C55BD0DF229BAC78AECF /* Pods */,
				3B36A3747ED818A6EEF990CE /* Frameworks */,
			);
			sourceTree = "<group>";
		};
		249AE3131E2DEE7700F704F8 /* Products */ = {
			isa = PBXGroup;
			children = (
				249AE3121E2DEE7700F704F8 /* Keeping.app */,
				247F01B71E3D9E1B001F900C /* KeepingWidget.appex */,
			);
			name = Products;
			sourceTree = "<group>";
		};
		249AE3141E2DEE7700F704F8 /* Keeping */ = {
			isa = PBXGroup;
			children = (
				24151C941E32378600757A69 /* Keeping.entitlements */,
				249AE3181E2DEE7700F704F8 /* AppDelegate.h */,
				249AE3191E2DEE7700F704F8 /* AppDelegate.m */,
				246B95EF1E5BE34B00DAB2E9 /* AssistVCs */,
				2436F82B1E2F2FC000C2984A /* TaskData */,
				2429CBF01E2E4AA20027DD37 /* Today */,
				2429CBF61E2E53D30027DD37 /* Task */,
				24E9DBBB1E7D4FC000FBF144 /* TaskDetail */,
				24F2A0DD1E2F489500F30FB1 /* Scheme */,
				2429CBF41E2E53C50027DD37 /* Settings */,
				24DCF18C1E30A07C0097C250 /* UI */,
				24DCF18B1E30940C0097C250 /* Utilities */,
				249AE31E1E2DEE7700F704F8 /* Main.storyboard */,
				249AE3261E2DEE7700F704F8 /* LaunchScreen.storyboard */,
				249AE3241E2DEE7700F704F8 /* Assets.xcassets */,
				24699F041E2F23C60092FBED /* Navigation.xcassets */,
				245196701E3CB82F00C18C5B /* TabBar.xcassets */,
				249AE3291E2DEE7700F704F8 /* Info.plist */,
				249AE3211E2DEE7700F704F8 /* Keeping.xcdatamodeld */,
				249AE3151E2DEE7700F704F8 /* Supporting Files */,
			);
			path = Keeping;
			sourceTree = "<group>";
		};
		249AE3151E2DEE7700F704F8 /* Supporting Files */ = {
			isa = PBXGroup;
			children = (
				24BB39731F95DAA800D0BAE0 /* Intro_Screen_Four.png */,
				24BB39771F95DCC600D0BAE0 /* Intro_Screen_Five.png */,
				24BB39751F95DAA800D0BAE0 /* Intro_Screen_One.png */,
				24BB39741F95DAA800D0BAE0 /* Intro_Screen_Three.png */,
				24BB39761F95DAA800D0BAE0 /* Intro_Screen_Two.png */,
				249AE3161E2DEE7700F704F8 /* main.m */,
			);
			name = "Supporting Files";
			sourceTree = "<group>";
		};
		24BA79A21E516D4B002133B6 /* KPSeparatorView */ = {
			isa = PBXGroup;
			children = (
				2429CBE61E2E499A0027DD37 /* KPSeparatorView.h */,
				2429CBE71E2E499A0027DD37 /* KPSeparatorView.m */,
				2429CBE91E2E49A60027DD37 /* KPSeparatorView.xib */,
			);
			name = KPSeparatorView;
			sourceTree = "<group>";
		};
		24BA79A31E516D55002133B6 /* KPTabBar */ = {
			isa = PBXGroup;
			children = (
				2493299B1E549EA300C85070 /* KPTabBar.h */,
				2493299C1E549EA300C85070 /* KPTabBar.m */,
			);
			name = KPTabBar;
			sourceTree = "<group>";
		};
		24BA79A41E516D5D002133B6 /* CardView */ = {
			isa = PBXGroup;
			children = (
				24DCF1921E310A890097C250 /* CardsView.h */,
				24DCF1931E310A890097C250 /* CardsView.m */,
			);
			name = CardView;
			sourceTree = "<group>";
		};
		24BA79A61E516FC1002133B6 /* HYCircleProgressView */ = {
			isa = PBXGroup;
			children = (
				241FB6651E31D2F300DF4D53 /* HYCircleProgressView.h */,
				241FB6661E31D2F300DF4D53 /* HYCircleProgressView.m */,
			);
			name = HYCircleProgressView;
			sourceTree = "<group>";
		};
		24BA79A71E516FC6002133B6 /* MLKMenuPopover */ = {
			isa = PBXGroup;
			children = (
				2435AF5A1E34D0D50065DC74 /* MLKMenuPopover.h */,
				2435AF5B1E34D0D50065DC74 /* MLKMenuPopover.m */,
			);
			name = MLKMenuPopover;
			sourceTree = "<group>";
		};
		24BA79A81E516FCC002133B6 /* ABCIntroView */ = {
			isa = PBXGroup;
			children = (
				247A797E1E38ABF1000EE623 /* ABCIntroView.h */,
				247A797F1E38ABF1000EE623 /* ABCIntroView.m */,
			);
			name = ABCIntroView;
			sourceTree = "<group>";
		};
		24DCF18B1E30940C0097C250 /* Utilities */ = {
			isa = PBXGroup;
			children = (
				246BF2511EE112FE002FE39A /* AppKeys.h */,
				246BF2521EE112FE002FE39A /* AppKeys.m */,
				24151C951E32388300757A69 /* UNManager.h */,
				24151C961E32388300757A69 /* UNManager.m */,
				24F2A0CF1E2F3F1800F30FB1 /* DBManager.h */,
				24F2A0D01E2F3F1800F30FB1 /* DBManager.m */,
				24DCF1881E3094050097C250 /* DateUtil.h */,
				24DCF1891E3094050097C250 /* DateUtil.m */,
				2429CBF11E2E4E750027DD37 /* Utilities.h */,
				2429CBF21E2E4E750027DD37 /* Utilities.m */,
				242206681E5A6A3B00F03BA2 /* ImageUtil.h */,
				242206691E5A6A3B00F03BA2 /* ImageUtil.m */,
			);
			name = Utilities;
			sourceTree = "<group>";
		};
		24DCF18C1E30A07C0097C250 /* UI */ = {
			isa = PBXGroup;
			children = (
				24BA79A31E516D55002133B6 /* KPTabBar */,
				241A580A1E7E396C001356E0 /* KPCalInfoView */,
				242610381E519C500016DC64 /* KPWeekdayPickerView */,
				2426103E1E51BC7E0016DC64 /* KPColorPickerView */,
				24BA79A21E516D4B002133B6 /* KPSeparatorView */,
				24F2A0E11E2F7B6E00F30FB1 /* KPTimePicker */,
				2467A5891E8A3DBB00C41B11 /* KPTimeView */,
				2467A58D1E8A45B600C41B11 /* KPNavigationTitleView */,
				24BA79A81E516FCC002133B6 /* ABCIntroView */,
				24BA79A71E516FC6002133B6 /* MLKMenuPopover */,
				24BA79A61E516FC1002133B6 /* HYCircleProgressView */,
				24BA79A41E516D5D002133B6 /* CardView */,
				246AEF081E64214A00D78FDD /* UIImage+Extensions.h */,
				246AEF091E64214A00D78FDD /* UIImage+Extensions.m */,
				24569A271F95E30500082EE4 /* KCProgressButton.h */,
				24569A281F95E30500082EE4 /* KCProgressButton.m */,
				24569A2A1F95E31E00082EE4 /* KCEdgeInsetLabel.h */,
				24569A2B1F95E31E00082EE4 /* KCEdgeInsetLabel.m */,
			);
			name = UI;
			sourceTree = "<group>";
		};
		24E9DBBB1E7D4FC000FBF144 /* TaskDetail */ = {
			isa = PBXGroup;
			children = (
				241D3EFE1E7CFAD20051023F /* KPTaskDisplayTableViewController.h */,
				241D3EFF1E7CFAD20051023F /* KPTaskDisplayTableViewController.m */,
				24151C901E322D6700757A69 /* KPTaskDetailTableViewController.h */,
				24151C911E322D6700757A69 /* KPTaskDetailTableViewController.m */,
			);
			name = TaskDetail;
			sourceTree = "<group>";
		};
		24F2A0DD1E2F489500F30FB1 /* Scheme */ = {
			isa = PBXGroup;
			children = (
				24A0CD6A1E56CED80017EE22 /* KPScheme.h */,
				24A0CD6B1E56CED80017EE22 /* KPScheme.m */,
				24F2A0D21E2F481000F30FB1 /* KPSchemeTableViewController.h */,
				24F2A0D31E2F481000F30FB1 /* KPSchemeTableViewController.m */,
				24F2A0D51E2F482100F30FB1 /* KPSchemeManager.h */,
				24F2A0D61E2F482100F30FB1 /* KPSchemeManager.m */,
				24F2A0D81E2F489100F30FB1 /* KPSchemeTableViewCell.h */,
				24F2A0D91E2F489100F30FB1 /* KPSchemeTableViewCell.m */,
				24F2A0DA1E2F489100F30FB1 /* KPSchemeTableViewCell.xib */,
			);
			name = Scheme;
			sourceTree = "<group>";
		};
		24F2A0E11E2F7B6E00F30FB1 /* KPTimePicker */ = {
			isa = PBXGroup;
			children = (
				24F2A0E21E2F7B6E00F30FB1 /* Categories.h */,
				24F2A0E31E2F7B6E00F30FB1 /* Categories.m */,
				24F2A0E41E2F7B6E00F30FB1 /* Images */,
				24F2A0F21E2F7B6E00F30FB1 /* KPTimePicker.h */,
				24F2A0F31E2F7B6E00F30FB1 /* KPTimePicker.m */,
			);
			path = KPTimePicker;
			sourceTree = "<group>";
		};
		24F2A0E41E2F7B6E00F30FB1 /* Images */ = {
			isa = PBXGroup;
			children = (
				24F2A0E51E2F7B6E00F30FB1 /* checkmark_icon_white.png */,
				24F2A0E61E2F7B6E00F30FB1 /* checkmark_icon_white@2x.png */,
				24F2A0E71E2F7B6E00F30FB1 /* picker_wheel@2x.png */,
				24F2A0E81E2F7B6E00F30FB1 /* picker_wheel_ip4.png */,
				24F2A0E91E2F7B6E00F30FB1 /* picker_wheel_ip4@2x.png */,
				24F2A0EA1E2F7B6E00F30FB1 /* round_backarrow_big-high.png */,
				24F2A0EB1E2F7B6E00F30FB1 /* round_backarrow_big-high@2x.png */,
				24F2A0EC1E2F7B6E00F30FB1 /* round_backarrow_big.png */,
				24F2A0ED1E2F7B6E00F30FB1 /* round_backarrow_big@2x.png */,
				24F2A0EE1E2F7B6E00F30FB1 /* schedule_image_moon-high.png */,
				24F2A0EF1E2F7B6E00F30FB1 /* schedule_image_moon-high@2x.png */,
				24F2A0F01E2F7B6E00F30FB1 /* schedule_image_sun-high.png */,
				24F2A0F11E2F7B6E00F30FB1 /* schedule_image_sun-high@2x.png */,
			);
			path = Images;
			sourceTree = "<group>";
		};
		3B36A3747ED818A6EEF990CE /* Frameworks */ = {
			isa = PBXGroup;
			children = (
				2433E6CD1E65247700315D5B /* libAVOSCloud.a */,
				2433E6CB1E65242B00315D5B /* libAVOSCloudCrashReporting.a */,
				2433E6C91E65184900315D5B /* libAVOSCloud.a */,
				2433E6C41E65034600315D5B /* libAVOSCloudCrashReporting.a */,
				2436F8231E2F2C3300C2984A /* libsqlite3.0.tbd */,
				247F01B81E3D9E1B001F900C /* NotificationCenter.framework */,
				7768AB7A1CE5FD0A347A4517 /* libPods-KeepingWidget.a */,
				A82AAE1686C2E350CED30CF7 /* libPods-KeepingWatch.a */,
				536AA62E968456370B920F00 /* libPods-KeepingWatch Extension.a */,
				AC5A1BA89969620E5A37921E /* libPods-Keeping.a */,
			);
			name = Frameworks;
			sourceTree = "<group>";
		};
		DC76C55BD0DF229BAC78AECF /* Pods */ = {
			isa = PBXGroup;
			children = (
				D878305BCC1A269899CF1ACC /* Pods-Keeping.debug.xcconfig */,
				90B7675F597B76B950B77B8B /* Pods-Keeping.release.xcconfig */,
				3303168DFB48063C3EC132E2 /* Pods-KeepingWidget.debug.xcconfig */,
				F23AC8433168973E490B2488 /* Pods-KeepingWidget.release.xcconfig */,
			);
			name = Pods;
			sourceTree = "<group>";
		};
/* End PBXGroup section */

/* Begin PBXNativeTarget section */
		247F01B61E3D9E1B001F900C /* KeepingWidget */ = {
			isa = PBXNativeTarget;
			buildConfigurationList = 247F01C71E3D9E1B001F900C /* Build configuration list for PBXNativeTarget "KeepingWidget" */;
			buildPhases = (
				41DDC58DE091080386FCEE17 /* [CP] Check Pods Manifest.lock */,
				247F01B31E3D9E1B001F900C /* Sources */,
				247F01B41E3D9E1B001F900C /* Frameworks */,
				247F01B51E3D9E1B001F900C /* Resources */,
				27BD4EC4E6B5255A94352257 /* [CP] Copy Pods Resources */,
			);
			buildRules = (
			);
			dependencies = (
			);
			name = KeepingWidget;
			productName = KeepingWidget;
			productReference = 247F01B71E3D9E1B001F900C /* KeepingWidget.appex */;
			productType = "com.apple.product-type.app-extension";
		};
		249AE3111E2DEE7700F704F8 /* Keeping */ = {
			isa = PBXNativeTarget;
			buildConfigurationList = 249AE32C1E2DEE7700F704F8 /* Build configuration list for PBXNativeTarget "Keeping" */;
			buildPhases = (
				0C9312C23B5843923EB7CE06 /* [CP] Check Pods Manifest.lock */,
				249AE30E1E2DEE7700F704F8 /* Sources */,
				249AE30F1E2DEE7700F704F8 /* Frameworks */,
				249AE3101E2DEE7700F704F8 /* Resources */,
				C306EC120EDCB79DCB2A853B /* [CP] Embed Pods Frameworks */,
				1DB4E3AA2BDD226DF2D68A26 /* [CP] Copy Pods Resources */,
				247F01C81E3D9E1B001F900C /* Embed App Extensions */,
				2486A5A21E4B22D6006B29EE /* Embed Watch Content */,
				2465F95E1E6CE92E00A4A0FE /* ShellScript */,
			);
			buildRules = (
			);
			dependencies = (
				247F01C31E3D9E1B001F900C /* PBXTargetDependency */,
			);
			name = Keeping;
			productName = Keeping;
			productReference = 249AE3121E2DEE7700F704F8 /* Keeping.app */;
			productType = "com.apple.product-type.application";
		};
/* End PBXNativeTarget section */

/* Begin PBXProject section */
		249AE30A1E2DEE7700F704F8 /* Project object */ = {
			isa = PBXProject;
			attributes = {
				LastUpgradeCheck = 0900;
				ORGANIZATIONNAME = "宋 奎熹";
				TargetAttributes = {
					247F01B61E3D9E1B001F900C = {
						CreatedOnToolsVersion = 8.2.1;
						DevelopmentTeam = VEBQ28K9EA;
						ProvisioningStyle = Automatic;
						SystemCapabilities = {
							com.apple.ApplicationGroups.iOS = {
								enabled = 1;
							};
						};
					};
					249AE3111E2DEE7700F704F8 = {
						CreatedOnToolsVersion = 8.2.1;
						DevelopmentTeam = VEBQ28K9EA;
						LastSwiftMigration = 0900;
						ProvisioningStyle = Automatic;
						SystemCapabilities = {
							com.apple.ApplicationGroups.iOS = {
								enabled = 1;
							};
							com.apple.Push = {
								enabled = 1;
							};
						};
					};
				};
			};
			buildConfigurationList = 249AE30D1E2DEE7700F704F8 /* Build configuration list for PBXProject "Keeping" */;
			compatibilityVersion = "Xcode 3.2";
			developmentRegion = English;
			hasScannedForEncodings = 0;
			knownRegions = (
				en,
				Base,
			);
			mainGroup = 249AE3091E2DEE7700F704F8;
			productRefGroup = 249AE3131E2DEE7700F704F8 /* Products */;
			projectDirPath = "";
			projectRoot = "";
			targets = (
				249AE3111E2DEE7700F704F8 /* Keeping */,
				247F01B61E3D9E1B001F900C /* KeepingWidget */,
			);
		};
/* End PBXProject section */

/* Begin PBXResourcesBuildPhase section */
		247F01B51E3D9E1B001F900C /* Resources */ = {
			isa = PBXResourcesBuildPhase;
			buildActionMask = 2147483647;
			files = (
				247F01D71E3DBC4E001F900C /* MainInterface.storyboard in Resources */,
				247F01D21E3DB4F8001F900C /* KPWidgetTableViewCell.xib in Resources */,
			);
			runOnlyForDeploymentPostprocessing = 0;
		};
		249AE3101E2DEE7700F704F8 /* Resources */ = {
			isa = PBXResourcesBuildPhase;
			buildActionMask = 2147483647;
			files = (
				24F2A0F91E2F7B6E00F30FB1 /* picker_wheel_ip4@2x.png in Resources */,
				2426103D1E51ACBC0016DC64 /* KPColorPickerView.xib in Resources */,
				24F2A0FE1E2F7B6E00F30FB1 /* schedule_image_moon-high.png in Resources */,
				24F2A0F51E2F7B6E00F30FB1 /* checkmark_icon_white.png in Resources */,
				241A58091E7E36C6001356E0 /* KPCalInfoView.xib in Resources */,
				2429CBEF1E2E4A9B0027DD37 /* KPTodayTableViewCell.xib in Resources */,
				2435F3361E5175FE00C6AAA6 /* KPWeekdayPickerView.xib in Resources */,
				24F2A0CB1E2F383A00F30FB1 /* KPTaskTableViewCell.xib in Resources */,
				249AE3281E2DEE7700F704F8 /* LaunchScreen.storyboard in Resources */,
				24F2A1001E2F7B6E00F30FB1 /* schedule_image_sun-high.png in Resources */,
				249AE3251E2DEE7700F704F8 /* Assets.xcassets in Resources */,
				24F2A1011E2F7B6E00F30FB1 /* schedule_image_sun-high@2x.png in Resources */,
				24D2D8021E8A2D130056D1AD /* KPTimeView.xib in Resources */,
				24F2A0FC1E2F7B6E00F30FB1 /* round_backarrow_big.png in Resources */,
				24F2A0FF1E2F7B6E00F30FB1 /* schedule_image_moon-high@2x.png in Resources */,
				24F2A0F61E2F7B6E00F30FB1 /* checkmark_icon_white@2x.png in Resources */,
				245196711E3CB82F00C18C5B /* TabBar.xcassets in Resources */,
				24F2A0F71E2F7B6E00F30FB1 /* picker_wheel@2x.png in Resources */,
				24F2A0FD1E2F7B6E00F30FB1 /* round_backarrow_big@2x.png in Resources */,
				249AE3201E2DEE7700F704F8 /* Main.storyboard in Resources */,
				24F2A0DC1E2F489100F30FB1 /* KPSchemeTableViewCell.xib in Resources */,
				24699F051E2F23C60092FBED /* Navigation.xcassets in Resources */,
				24F2A0FA1E2F7B6E00F30FB1 /* round_backarrow_big-high.png in Resources */,
				24F2A0FB1E2F7B6E00F30FB1 /* round_backarrow_big-high@2x.png in Resources */,
				24F2A0F81E2F7B6E00F30FB1 /* picker_wheel_ip4.png in Resources */,
				2497004C1E56075B0015CC5F /* KPTypeColorTableViewCell.xib in Resources */,
				2429CBEA1E2E49A60027DD37 /* KPSeparatorView.xib in Resources */,
			);
			runOnlyForDeploymentPostprocessing = 0;
		};
/* End PBXResourcesBuildPhase section */

/* Begin PBXShellScriptBuildPhase section */
		0C9312C23B5843923EB7CE06 /* [CP] Check Pods Manifest.lock */ = {
			isa = PBXShellScriptBuildPhase;
			buildActionMask = 2147483647;
			files = (
			);
			inputPaths = (
				"${PODS_PODFILE_DIR_PATH}/Podfile.lock",
				"${PODS_ROOT}/Manifest.lock",
			);
			name = "[CP] Check Pods Manifest.lock";
			outputPaths = (
				"$(DERIVED_FILE_DIR)/Pods-Keeping-checkManifestLockResult.txt",
			);
			runOnlyForDeploymentPostprocessing = 0;
			shellPath = /bin/sh;
			shellScript = "diff \"${PODS_PODFILE_DIR_PATH}/Podfile.lock\" \"${PODS_ROOT}/Manifest.lock\" > /dev/null\nif [ $? != 0 ] ; then\n    # print error to STDERR\n    echo \"error: The sandbox is not in sync with the Podfile.lock. Run 'pod install' or update your CocoaPods installation.\" >&2\n    exit 1\nfi\n# This output is used by Xcode 'outputs' to avoid re-running this script phase.\necho \"SUCCESS\" > \"${SCRIPT_OUTPUT_FILE_0}\"\n";
			showEnvVarsInLog = 0;
		};
		1DB4E3AA2BDD226DF2D68A26 /* [CP] Copy Pods Resources */ = {
			isa = PBXShellScriptBuildPhase;
			buildActionMask = 2147483647;
			files = (
			);
			inputPaths = (
				"${SRCROOT}/Pods/Target Support Files/Pods-Keeping/Pods-Keeping-resources.sh",
				"${PODS_ROOT}/AVOSCloud/AVOS/AVOSCloud/AVOSCloud_Art.inc",
				"${PODS_ROOT}/DateTools/DateTools/DateTools/DateTools.bundle",
				"${PODS_ROOT}/HSDatePickerViewController/HSDatePickerViewControllerDemo/HSDatePickerViewController/HSDatePickerViewController.xib",
				"${PODS_ROOT}/IQKeyboardManager/IQKeyboardManager/Resources/IQKeyboardManager.bundle",
				"${PODS_ROOT}/LeanCloudFeedback/LeanCloudFeedback/resources/feedback_add_image@2x.png",
				"${PODS_ROOT}/LeanCloudFeedback/LeanCloudFeedback/resources/feedback_back@2x.png",
				"${PODS_ROOT}/LeanCloudFeedback/LeanCloudFeedback/resources/feedback_bg_1@2x.png",
				"${PODS_ROOT}/LeanCloudFeedback/LeanCloudFeedback/resources/feedback_bg_2@2x.png",
				"${PODS_ROOT}/LeanCloudFeedback/LeanCloudFeedback/resources/feedback_btn@2x.png",
				"${PODS_ROOT}/LeanCloudFeedback/LeanCloudFeedback/resources/feedback_btn_new@2x.png",
				"${PODS_ROOT}/LeanCloudFeedback/LeanCloudFeedback/resources/feedback_warning@2x.png",
				"${PODS_ROOT}/LeanCloudFeedback/LeanCloudFeedback/resources/LeanCloudFeedback.strings",
				"${PODS_ROOT}/PYSearch/PYSearch/PYSearch.bundle",
			);
			name = "[CP] Copy Pods Resources";
			outputPaths = (
				"${TARGET_BUILD_DIR}/${UNLOCALIZED_RESOURCES_FOLDER_PATH}",
			);
			runOnlyForDeploymentPostprocessing = 0;
			shellPath = /bin/sh;
			shellScript = "\"${SRCROOT}/Pods/Target Support Files/Pods-Keeping/Pods-Keeping-resources.sh\"\n";
			showEnvVarsInLog = 0;
		};
		2465F95E1E6CE92E00A4A0FE /* ShellScript */ = {
			isa = PBXShellScriptBuildPhase;
			buildActionMask = 2147483647;
			files = (
			);
			inputPaths = (
			);
			outputPaths = (
			);
			runOnlyForDeploymentPostprocessing = 0;
			shellPath = /bin/sh;
			shellScript = "\"${PODS_ROOT}/Fabric/run\" 4bc572765eaf046f5cab858bb6b4665dd8b03794 a41e51e171d688723b9b56f2c3a23ee60a22e986c51602313bfc857d5303ee12";
		};
		27BD4EC4E6B5255A94352257 /* [CP] Copy Pods Resources */ = {
			isa = PBXShellScriptBuildPhase;
			buildActionMask = 2147483647;
			files = (
			);
			inputPaths = (
				"${SRCROOT}/Pods/Target Support Files/Pods-KeepingWidget/Pods-KeepingWidget-resources.sh",
				"${PODS_ROOT}/DateTools/DateTools/DateTools/DateTools.bundle",
			);
			name = "[CP] Copy Pods Resources";
			outputPaths = (
				"${TARGET_BUILD_DIR}/${UNLOCALIZED_RESOURCES_FOLDER_PATH}",
			);
			runOnlyForDeploymentPostprocessing = 0;
			shellPath = /bin/sh;
			shellScript = "\"${SRCROOT}/Pods/Target Support Files/Pods-KeepingWidget/Pods-KeepingWidget-resources.sh\"\n";
			showEnvVarsInLog = 0;
		};
		41DDC58DE091080386FCEE17 /* [CP] Check Pods Manifest.lock */ = {
			isa = PBXShellScriptBuildPhase;
			buildActionMask = 2147483647;
			files = (
			);
			inputPaths = (
				"${PODS_PODFILE_DIR_PATH}/Podfile.lock",
				"${PODS_ROOT}/Manifest.lock",
			);
			name = "[CP] Check Pods Manifest.lock";
			outputPaths = (
				"$(DERIVED_FILE_DIR)/Pods-KeepingWidget-checkManifestLockResult.txt",
			);
			runOnlyForDeploymentPostprocessing = 0;
			shellPath = /bin/sh;
			shellScript = "diff \"${PODS_PODFILE_DIR_PATH}/Podfile.lock\" \"${PODS_ROOT}/Manifest.lock\" > /dev/null\nif [ $? != 0 ] ; then\n    # print error to STDERR\n    echo \"error: The sandbox is not in sync with the Podfile.lock. Run 'pod install' or update your CocoaPods installation.\" >&2\n    exit 1\nfi\n# This output is used by Xcode 'outputs' to avoid re-running this script phase.\necho \"SUCCESS\" > \"${SCRIPT_OUTPUT_FILE_0}\"\n";
			showEnvVarsInLog = 0;
		};
		C306EC120EDCB79DCB2A853B /* [CP] Embed Pods Frameworks */ = {
			isa = PBXShellScriptBuildPhase;
			buildActionMask = 2147483647;
			files = (
			);
			inputPaths = (
			);
			name = "[CP] Embed Pods Frameworks";
			outputPaths = (
			);
			runOnlyForDeploymentPostprocessing = 0;
			shellPath = /bin/sh;
			shellScript = "\"${SRCROOT}/Pods/Target Support Files/Pods-Keeping/Pods-Keeping-frameworks.sh\"\n";
			showEnvVarsInLog = 0;
		};
/* End PBXShellScriptBuildPhase section */

/* Begin PBXSourcesBuildPhase section */
		247F01B31E3D9E1B001F900C /* Sources */ = {
			isa = PBXSourcesBuildPhase;
			buildActionMask = 2147483647;
			files = (
				247F01D91E3DC625001F900C /* DBManager.m in Sources */,
				247F01CA1E3DAAA9001F900C /* Task.m in Sources */,
				247F01D31E3DBAB7001F900C /* DateUtil.m in Sources */,
				247F01BD1E3D9E1B001F900C /* TodayViewController.m in Sources */,
				247F01DA1E3DC627001F900C /* UNManager.m in Sources */,
				247F01D11E3DB4F8001F900C /* KPWidgetTableViewCell.m in Sources */,
				247F01D81E3DC5F3001F900C /* TaskManager.m in Sources */,
				247F01CD1E3DB44B001F900C /* Utilities.m in Sources */,
			);
			runOnlyForDeploymentPostprocessing = 0;
		};
		249AE30E1E2DEE7700F704F8 /* Sources */ = {
			isa = PBXSourcesBuildPhase;
			buildActionMask = 2147483647;
			files = (
				24569A291F95E30500082EE4 /* KCProgressButton.m in Sources */,
				241A58071E7E36B9001356E0 /* KPCalInfoView.m in Sources */,
				24F2A0D41E2F481000F30FB1 /* KPSchemeTableViewController.m in Sources */,
				2467A58C1E8A3FF700C41B11 /* KPNavigationTitleView.m in Sources */,
				24F2A0DB1E2F489100F30FB1 /* KPSchemeTableViewCell.m in Sources */,
				24F2A1021E2F7B6E00F30FB1 /* KPTimePicker.m in Sources */,
				2422066A1E5A6A3B00F03BA2 /* ImageUtil.m in Sources */,
				24699F031E2F213D0092FBED /* KPNavigationViewController.m in Sources */,
				2497004B1E56075B0015CC5F /* KPTypeColorTableViewCell.m in Sources */,
				24569A2C1F95E31E00082EE4 /* KCEdgeInsetLabel.m in Sources */,
				244EB3051E3635B100D30AE3 /* KPImageViewController.m in Sources */,
				2436F8271E2F2C4B00C2984A /* TaskManager.m in Sources */,
				24DCF18A1E3094050097C250 /* DateUtil.m in Sources */,
				24F2A0D11E2F3F1800F30FB1 /* DBManager.m in Sources */,
				246AEF0A1E64214A00D78FDD /* UIImage+Extensions.m in Sources */,
				24D2D8001E8A2D060056D1AD /* KPTimeView.m in Sources */,
				249AE31A1E2DEE7700F704F8 /* AppDelegate.m in Sources */,
				249AE3171E2DEE7700F704F8 /* main.m in Sources */,
				24F2A0D71E2F482100F30FB1 /* KPSchemeManager.m in Sources */,
				246BF2531EE112FE002FE39A /* AppKeys.m in Sources */,
				2422066D1E5A7D1A00F03BA2 /* KPAboutTableViewController.m in Sources */,
				2429CBEE1E2E4A9B0027DD37 /* KPTodayTableViewCell.m in Sources */,
				24A0CD6C1E56CED80017EE22 /* KPScheme.m in Sources */,
				247A79801E38ABF1000EE623 /* ABCIntroView.m in Sources */,
				2426103B1E51ACB30016DC64 /* KPColorPickerView.m in Sources */,
				2429CBD41E2DF5E60027DD37 /* KPTodayTableViewController.m in Sources */,
				24BA79A11E516949002133B6 /* TaskDataHelper.m in Sources */,
				2435AF5C1E34D0D50065DC74 /* MLKMenuPopover.m in Sources */,
				249700471E5607210015CC5F /* KPTypeTableViewController.m in Sources */,
				24F2A0F41E2F7B6E00F30FB1 /* Categories.m in Sources */,
				2493299D1E549EA300C85070 /* KPTabBar.m in Sources */,
				2429CBFB1E2E5D510027DD37 /* KPTabBarViewController.m in Sources */,
				241FB6671E31D2F300DF4D53 /* HYCircleProgressView.m in Sources */,
				241D3F001E7CFAD20051023F /* KPTaskDisplayTableViewController.m in Sources */,
				2429CBF31E2E4E750027DD37 /* Utilities.m in Sources */,
				24DCF1941E310A890097C250 /* CardsView.m in Sources */,
				2436F82A1E2F2C5700C2984A /* Task.m in Sources */,
				247C8EBA1F94FA0D0098B574 /* KPTaskTableViewController+Touch.m in Sources */,
				2429CBDD1E2DF61B0027DD37 /* KPSettingsTableViewController.m in Sources */,
				2429CBD71E2DF6080027DD37 /* KPTaskTableViewController.m in Sources */,
				24BA79AB1E516FE0002133B6 /* KPWeekdayPickerView.m in Sources */,
				24F2A0CE1E2F38C700F30FB1 /* KPTaskTableViewCell.m in Sources */,
				24151C971E32388300757A69 /* UNManager.m in Sources */,
				24151C921E322D6700757A69 /* KPTaskDetailTableViewController.m in Sources */,
				2435DBF11E35CCC300F1A96E /* KPFontTableViewController.m in Sources */,
				240826DD1E570A1500EAC855 /* KPUserTableViewController.m in Sources */,
				247C8EBD1F94FAB40098B574 /* KPTodayTableViewController+Touch.m in Sources */,
				24F2A1061E2F7CBC00F30FB1 /* KPReminderViewController.m in Sources */,
				249AE3231E2DEE7700F704F8 /* Keeping.xcdatamodeld in Sources */,
				2429CBE81E2E499A0027DD37 /* KPSeparatorView.m in Sources */,
			);
			runOnlyForDeploymentPostprocessing = 0;
		};
/* End PBXSourcesBuildPhase section */

/* Begin PBXTargetDependency section */
		247F01C31E3D9E1B001F900C /* PBXTargetDependency */ = {
			isa = PBXTargetDependency;
			target = 247F01B61E3D9E1B001F900C /* KeepingWidget */;
			targetProxy = 247F01C21E3D9E1B001F900C /* PBXContainerItemProxy */;
		};
/* End PBXTargetDependency section */

/* Begin PBXVariantGroup section */
		249AE31E1E2DEE7700F704F8 /* Main.storyboard */ = {
			isa = PBXVariantGroup;
			children = (
				249AE31F1E2DEE7700F704F8 /* Base */,
			);
			name = Main.storyboard;
			sourceTree = "<group>";
		};
		249AE3261E2DEE7700F704F8 /* LaunchScreen.storyboard */ = {
			isa = PBXVariantGroup;
			children = (
				249AE3271E2DEE7700F704F8 /* Base */,
			);
			name = LaunchScreen.storyboard;
			sourceTree = "<group>";
		};
/* End PBXVariantGroup section */

/* Begin XCBuildConfiguration section */
		247F01C51E3D9E1B001F900C /* Debug */ = {
			isa = XCBuildConfiguration;
			baseConfigurationReference = 3303168DFB48063C3EC132E2 /* Pods-KeepingWidget.debug.xcconfig */;
			buildSettings = {
				CODE_SIGN_ENTITLEMENTS = KeepingWidget/KeepingWidget.entitlements;
				DEVELOPMENT_TEAM = VEBQ28K9EA;
				INFOPLIST_FILE = KeepingWidget/Info.plist;
				IPHONEOS_DEPLOYMENT_TARGET = 10.2;
				LD_RUNPATH_SEARCH_PATHS = "$(inherited) @executable_path/Frameworks @executable_path/../../Frameworks";
				PRODUCT_BUNDLE_IDENTIFIER = com.krayc.Keeping.KeepingWidget;
				PRODUCT_NAME = "$(TARGET_NAME)";
				SKIP_INSTALL = YES;
			};
			name = Debug;
		};
		247F01C61E3D9E1B001F900C /* Release */ = {
			isa = XCBuildConfiguration;
			baseConfigurationReference = F23AC8433168973E490B2488 /* Pods-KeepingWidget.release.xcconfig */;
			buildSettings = {
				CODE_SIGN_ENTITLEMENTS = KeepingWidget/KeepingWidget.entitlements;
				DEVELOPMENT_TEAM = VEBQ28K9EA;
				INFOPLIST_FILE = KeepingWidget/Info.plist;
				IPHONEOS_DEPLOYMENT_TARGET = 10.2;
				LD_RUNPATH_SEARCH_PATHS = "$(inherited) @executable_path/Frameworks @executable_path/../../Frameworks";
				PRODUCT_BUNDLE_IDENTIFIER = com.krayc.Keeping.KeepingWidget;
				PRODUCT_NAME = "$(TARGET_NAME)";
				SKIP_INSTALL = YES;
			};
			name = Release;
		};
		249AE32A1E2DEE7700F704F8 /* Debug */ = {
			isa = XCBuildConfiguration;
			buildSettings = {
				ALWAYS_SEARCH_USER_PATHS = NO;
				CLANG_ANALYZER_NONNULL = YES;
				CLANG_CXX_LANGUAGE_STANDARD = "gnu++0x";
				CLANG_CXX_LIBRARY = "libc++";
				CLANG_ENABLE_MODULES = YES;
				CLANG_ENABLE_OBJC_ARC = YES;
				CLANG_WARN_BLOCK_CAPTURE_AUTORELEASING = YES;
				CLANG_WARN_BOOL_CONVERSION = YES;
				CLANG_WARN_COMMA = YES;
				CLANG_WARN_CONSTANT_CONVERSION = YES;
				CLANG_WARN_DIRECT_OBJC_ISA_USAGE = YES_ERROR;
				CLANG_WARN_DOCUMENTATION_COMMENTS = YES;
				CLANG_WARN_EMPTY_BODY = YES;
				CLANG_WARN_ENUM_CONVERSION = YES;
				CLANG_WARN_INFINITE_RECURSION = YES;
				CLANG_WARN_INT_CONVERSION = YES;
				CLANG_WARN_NON_LITERAL_NULL_CONVERSION = YES;
				CLANG_WARN_OBJC_LITERAL_CONVERSION = YES;
				CLANG_WARN_OBJC_ROOT_CLASS = YES_ERROR;
				CLANG_WARN_RANGE_LOOP_ANALYSIS = YES;
				CLANG_WARN_STRICT_PROTOTYPES = YES;
				CLANG_WARN_SUSPICIOUS_MOVE = YES;
				CLANG_WARN_UNREACHABLE_CODE = YES;
				CLANG_WARN__DUPLICATE_METHOD_MATCH = YES;
				"CODE_SIGN_IDENTITY[sdk=iphoneos*]" = "iPhone Developer";
				COPY_PHASE_STRIP = NO;
				DEBUG_INFORMATION_FORMAT = dwarf;
				ENABLE_STRICT_OBJC_MSGSEND = YES;
				ENABLE_TESTABILITY = YES;
				GCC_C_LANGUAGE_STANDARD = gnu99;
				GCC_DYNAMIC_NO_PIC = NO;
				GCC_NO_COMMON_BLOCKS = YES;
				GCC_OPTIMIZATION_LEVEL = 0;
				GCC_PREPROCESSOR_DEFINITIONS = (
					"DEBUG=1",
					"$(inherited)",
				);
				GCC_WARN_64_TO_32_BIT_CONVERSION = YES;
				GCC_WARN_ABOUT_RETURN_TYPE = YES_ERROR;
				GCC_WARN_UNDECLARED_SELECTOR = YES;
				GCC_WARN_UNINITIALIZED_AUTOS = YES_AGGRESSIVE;
				GCC_WARN_UNUSED_FUNCTION = YES;
				GCC_WARN_UNUSED_VARIABLE = YES;
				IPHONEOS_DEPLOYMENT_TARGET = 10.0;
				MTL_ENABLE_DEBUG_INFO = YES;
				ONLY_ACTIVE_ARCH = YES;
				SDKROOT = iphoneos;
			};
			name = Debug;
		};
		249AE32B1E2DEE7700F704F8 /* Release */ = {
			isa = XCBuildConfiguration;
			buildSettings = {
				ALWAYS_SEARCH_USER_PATHS = NO;
				CLANG_ANALYZER_NONNULL = YES;
				CLANG_CXX_LANGUAGE_STANDARD = "gnu++0x";
				CLANG_CXX_LIBRARY = "libc++";
				CLANG_ENABLE_MODULES = YES;
				CLANG_ENABLE_OBJC_ARC = YES;
				CLANG_WARN_BLOCK_CAPTURE_AUTORELEASING = YES;
				CLANG_WARN_BOOL_CONVERSION = YES;
				CLANG_WARN_COMMA = YES;
				CLANG_WARN_CONSTANT_CONVERSION = YES;
				CLANG_WARN_DIRECT_OBJC_ISA_USAGE = YES_ERROR;
				CLANG_WARN_DOCUMENTATION_COMMENTS = YES;
				CLANG_WARN_EMPTY_BODY = YES;
				CLANG_WARN_ENUM_CONVERSION = YES;
				CLANG_WARN_INFINITE_RECURSION = YES;
				CLANG_WARN_INT_CONVERSION = YES;
				CLANG_WARN_NON_LITERAL_NULL_CONVERSION = YES;
				CLANG_WARN_OBJC_LITERAL_CONVERSION = YES;
				CLANG_WARN_OBJC_ROOT_CLASS = YES_ERROR;
				CLANG_WARN_RANGE_LOOP_ANALYSIS = YES;
				CLANG_WARN_STRICT_PROTOTYPES = YES;
				CLANG_WARN_SUSPICIOUS_MOVE = YES;
				CLANG_WARN_UNREACHABLE_CODE = YES;
				CLANG_WARN__DUPLICATE_METHOD_MATCH = YES;
				"CODE_SIGN_IDENTITY[sdk=iphoneos*]" = "iPhone Developer";
				COPY_PHASE_STRIP = NO;
				DEBUG_INFORMATION_FORMAT = "dwarf-with-dsym";
				ENABLE_NS_ASSERTIONS = NO;
				ENABLE_STRICT_OBJC_MSGSEND = YES;
				GCC_C_LANGUAGE_STANDARD = gnu99;
				GCC_NO_COMMON_BLOCKS = YES;
				GCC_WARN_64_TO_32_BIT_CONVERSION = YES;
				GCC_WARN_ABOUT_RETURN_TYPE = YES_ERROR;
				GCC_WARN_UNDECLARED_SELECTOR = YES;
				GCC_WARN_UNINITIALIZED_AUTOS = YES_AGGRESSIVE;
				GCC_WARN_UNUSED_FUNCTION = YES;
				GCC_WARN_UNUSED_VARIABLE = YES;
				IPHONEOS_DEPLOYMENT_TARGET = 10.0;
				MTL_ENABLE_DEBUG_INFO = NO;
				SDKROOT = iphoneos;
				VALIDATE_PRODUCT = YES;
			};
			name = Release;
		};
		249AE32D1E2DEE7700F704F8 /* Debug */ = {
			isa = XCBuildConfiguration;
			baseConfigurationReference = D878305BCC1A269899CF1ACC /* Pods-Keeping.debug.xcconfig */;
			buildSettings = {
				ASSETCATALOG_COMPILER_APPICON_NAME = AppIcon;
				CLANG_ENABLE_MODULES = YES;
				CODE_SIGN_ENTITLEMENTS = Keeping/Keeping.entitlements;
				"CODE_SIGN_IDENTITY[sdk=iphoneos*]" = "iPhone Developer";
				DEBUG_INFORMATION_FORMAT = "dwarf-with-dsym";
				DEVELOPMENT_TEAM = VEBQ28K9EA;
				INFOPLIST_FILE = Keeping/Info.plist;
				IPHONEOS_DEPLOYMENT_TARGET = 10.0;
				LD_RUNPATH_SEARCH_PATHS = "$(inherited) @executable_path/Frameworks";
				LIBRARY_SEARCH_PATHS = (
					"$(inherited)",
					"$(PROJECT_DIR)/build/Debug-iphoneos/AVOSCloud",
				);
				PRODUCT_BUNDLE_IDENTIFIER = com.krayc.Keeping;
				PRODUCT_NAME = "$(TARGET_NAME)";
				SWIFT_OBJC_BRIDGING_HEADER = "";
				SWIFT_OPTIMIZATION_LEVEL = "-Onone";
				SWIFT_VERSION = 3.0;
				TARGETED_DEVICE_FAMILY = 1;
			};
			name = Debug;
		};
		249AE32E1E2DEE7700F704F8 /* Release */ = {
			isa = XCBuildConfiguration;
			baseConfigurationReference = 90B7675F597B76B950B77B8B /* Pods-Keeping.release.xcconfig */;
			buildSettings = {
				ASSETCATALOG_COMPILER_APPICON_NAME = AppIcon;
				CLANG_ENABLE_MODULES = YES;
				CODE_SIGN_ENTITLEMENTS = Keeping/Keeping.entitlements;
				"CODE_SIGN_IDENTITY[sdk=iphoneos*]" = "iPhone Developer";
				DEVELOPMENT_TEAM = VEBQ28K9EA;
				INFOPLIST_FILE = Keeping/Info.plist;
				IPHONEOS_DEPLOYMENT_TARGET = 10.0;
				LD_RUNPATH_SEARCH_PATHS = "$(inherited) @executable_path/Frameworks";
				LIBRARY_SEARCH_PATHS = (
					"$(inherited)",
					"$(PROJECT_DIR)/build/Debug-iphoneos/AVOSCloud",
				);
				PRODUCT_BUNDLE_IDENTIFIER = com.krayc.Keeping;
				PRODUCT_NAME = "$(TARGET_NAME)";
				SWIFT_OBJC_BRIDGING_HEADER = "";
				SWIFT_VERSION = 3.0;
				TARGETED_DEVICE_FAMILY = 1;
			};
			name = Release;
		};
/* End XCBuildConfiguration section */

/* Begin XCConfigurationList section */
		247F01C71E3D9E1B001F900C /* Build configuration list for PBXNativeTarget "KeepingWidget" */ = {
			isa = XCConfigurationList;
			buildConfigurations = (
				247F01C51E3D9E1B001F900C /* Debug */,
				247F01C61E3D9E1B001F900C /* Release */,
			);
			defaultConfigurationIsVisible = 0;
			defaultConfigurationName = Release;
		};
		249AE30D1E2DEE7700F704F8 /* Build configuration list for PBXProject "Keeping" */ = {
			isa = XCConfigurationList;
			buildConfigurations = (
				249AE32A1E2DEE7700F704F8 /* Debug */,
				249AE32B1E2DEE7700F704F8 /* Release */,
			);
			defaultConfigurationIsVisible = 0;
			defaultConfigurationName = Release;
		};
		249AE32C1E2DEE7700F704F8 /* Build configuration list for PBXNativeTarget "Keeping" */ = {
			isa = XCConfigurationList;
			buildConfigurations = (
				249AE32D1E2DEE7700F704F8 /* Debug */,
				249AE32E1E2DEE7700F704F8 /* Release */,
			);
			defaultConfigurationIsVisible = 0;
			defaultConfigurationName = Release;
		};
/* End XCConfigurationList section */

/* Begin XCVersionGroup section */
		249AE3211E2DEE7700F704F8 /* Keeping.xcdatamodeld */ = {
			isa = XCVersionGroup;
			children = (
				249AE3221E2DEE7700F704F8 /* Keeping.xcdatamodel */,
			);
			currentVersion = 249AE3221E2DEE7700F704F8 /* Keeping.xcdatamodel */;
			path = Keeping.xcdatamodeld;
			sourceTree = "<group>";
			versionGroupType = wrapper.xcdatamodel;
		};
/* End XCVersionGroup section */
	};
	rootObject = 249AE30A1E2DEE7700F704F8 /* Project object */;
}
