// !$*UTF8*$!
{
	archiveVersion = 1;
	classes = {
	};
	objectVersion = 46;
	objects = {

/* Begin PBXBuildFile section */
		249AE3171E2DEE7700F704F8 /* main.m in Sources */ = {isa = PBXBuildFile; fileRef = 249AE3161E2DEE7700F704F8 /* main.m */; };
		249AE31A1E2DEE7700F704F8 /* AppDelegate.m in Sources */ = {isa = PBXBuildFile; fileRef = 249AE3191E2DEE7700F704F8 /* AppDelegate.m */; };
		249AE31D1E2DEE7700F704F8 /* ViewController.m in Sources */ = {isa = PBXBuildFile; fileRef = 249AE31C1E2DEE7700F704F8 /* ViewController.m */; };
		249AE3201E2DEE7700F704F8 /* Main.storyboard in Resources */ = {isa = PBXBuildFile; fileRef = 249AE31E1E2DEE7700F704F8 /* Main.storyboard */; };
		249AE3231E2DEE7700F704F8 /* Keeping.xcdatamodeld in Sources */ = {isa = PBXBuildFile; fileRef = 249AE3211E2DEE7700F704F8 /* Keeping.xcdatamodeld */; };
		249AE3251E2DEE7700F704F8 /* Assets.xcassets in Resources */ = {isa = PBXBuildFile; fileRef = 249AE3241E2DEE7700F704F8 /* Assets.xcassets */; };
		249AE3281E2DEE7700F704F8 /* LaunchScreen.storyboard in Resources */ = {isa = PBXBuildFile; fileRef = 249AE3261E2DEE7700F704F8 /* LaunchScreen.storyboard */; };
		AA046577A8286B52DB0532E7 /* libPods-Keeping.a in Frameworks */ = {isa = PBXBuildFile; fileRef = 58B3856F487D477013388BEE /* libPods-Keeping.a */; };
/* End PBXBuildFile section */

/* Begin PBXFileReference section */
		249AE3121E2DEE7700F704F8 /* Keeping.app */ = {isa = PBXFileReference; explicitFileType = wrapper.application; includeInIndex = 0; path = Keeping.app; sourceTree = BUILT_PRODUCTS_DIR; };
		249AE3161E2DEE7700F704F8 /* main.m */ = {isa = PBXFileReference; lastKnownFileType = sourcecode.c.objc; path = main.m; sourceTree = "<group>"; };
		249AE3181E2DEE7700F704F8 /* AppDelegate.h */ = {isa = PBXFileReference; lastKnownFileType = sourcecode.c.h; path = AppDelegate.h; sourceTree = "<group>"; };
		249AE3191E2DEE7700F704F8 /* AppDelegate.m */ = {isa = PBXFileReference; lastKnownFileType = sourcecode.c.objc; path = AppDelegate.m; sourceTree = "<group>"; };
		249AE31B1E2DEE7700F704F8 /* ViewController.h */ = {isa = PBXFileReference; lastKnownFileType = sourcecode.c.h; path = ViewController.h; sourceTree = "<group>"; };
		249AE31C1E2DEE7700F704F8 /* ViewController.m */ = {isa = PBXFileReference; lastKnownFileType = sourcecode.c.objc; path = ViewController.m; sourceTree = "<group>"; };
		249AE31F1E2DEE7700F704F8 /* Base */ = {isa = PBXFileReference; lastKnownFileType = file.storyboard; name = Base; path = Base.lproj/Main.storyboard; sourceTree = "<group>"; };
		249AE3221E2DEE7700F704F8 /* Keeping.xcdatamodel */ = {isa = PBXFileReference; lastKnownFileType = wrapper.xcdatamodel; path = Keeping.xcdatamodel; sourceTree = "<group>"; };
		249AE3241E2DEE7700F704F8 /* Assets.xcassets */ = {isa = PBXFileReference; lastKnownFileType = folder.assetcatalog; path = Assets.xcassets; sourceTree = "<group>"; };
		249AE3271E2DEE7700F704F8 /* Base */ = {isa = PBXFileReference; lastKnownFileType = file.storyboard; name = Base; path = Base.lproj/LaunchScreen.storyboard; sourceTree = "<group>"; };
		249AE3291E2DEE7700F704F8 /* Info.plist */ = {isa = PBXFileReference; lastKnownFileType = text.plist.xml; path = Info.plist; sourceTree = "<group>"; };
		58B3856F487D477013388BEE /* libPods-Keeping.a */ = {isa = PBXFileReference; explicitFileType = archive.ar; includeInIndex = 0; path = "libPods-Keeping.a"; sourceTree = BUILT_PRODUCTS_DIR; };
		90B7675F597B76B950B77B8B /* Pods-Keeping.release.xcconfig */ = {isa = PBXFileReference; includeInIndex = 1; lastKnownFileType = text.xcconfig; name = "Pods-Keeping.release.xcconfig"; path = "Pods/Target Support Files/Pods-Keeping/Pods-Keeping.release.xcconfig"; sourceTree = "<group>"; };
		D878305BCC1A269899CF1ACC /* Pods-Keeping.debug.xcconfig */ = {isa = PBXFileReference; includeInIndex = 1; lastKnownFileType = text.xcconfig; name = "Pods-Keeping.debug.xcconfig"; path = "Pods/Target Support Files/Pods-Keeping/Pods-Keeping.debug.xcconfig"; sourceTree = "<group>"; };
/* End PBXFileReference section */

/* Begin PBXFrameworksBuildPhase section */
		249AE30F1E2DEE7700F704F8 /* Frameworks */ = {
			isa = PBXFrameworksBuildPhase;
			buildActionMask = 2147483647;
			files = (
				AA046577A8286B52DB0532E7 /* libPods-Keeping.a in Frameworks */,
			);
			runOnlyForDeploymentPostprocessing = 0;
		};
/* End PBXFrameworksBuildPhase section */

/* Begin PBXGroup section */
		249AE3091E2DEE7700F704F8 = {
			isa = PBXGroup;
			children = (
				249AE3141E2DEE7700F704F8 /* Keeping */,
				249AE3131E2DEE7700F704F8 /* Products */,
				DC76C55BD0DF229BAC78AECF /* Pods */,
				3B36A3747ED818A6EEF990CE /* Frameworks */,
			);
			sourceTree = "<group>";
		};
		249AE3131E2DEE7700F704F8 /* Products */ = {
			isa = PBXGroup;
			children = (
				249AE3121E2DEE7700F704F8 /* Keeping.app */,
			);
			name = Products;
			sourceTree = "<group>";
		};
		249AE3141E2DEE7700F704F8 /* Keeping */ = {
			isa = PBXGroup;
			children = (
				249AE3181E2DEE7700F704F8 /* AppDelegate.h */,
				249AE3191E2DEE7700F704F8 /* AppDelegate.m */,
				249AE31B1E2DEE7700F704F8 /* ViewController.h */,
				249AE31C1E2DEE7700F704F8 /* ViewController.m */,
				249AE31E1E2DEE7700F704F8 /* Main.storyboard */,
				249AE3241E2DEE7700F704F8 /* Assets.xcassets */,
				249AE3261E2DEE7700F704F8 /* LaunchScreen.storyboard */,
				249AE3291E2DEE7700F704F8 /* Info.plist */,
				249AE3211E2DEE7700F704F8 /* Keeping.xcdatamodeld */,
				249AE3151E2DEE7700F704F8 /* Supporting Files */,
			);
			path = Keeping;
			sourceTree = "<group>";
		};
		249AE3151E2DEE7700F704F8 /* Supporting Files */ = {
			isa = PBXGroup;
			children = (
				249AE3161E2DEE7700F704F8 /* main.m */,
			);
			name = "Supporting Files";
			sourceTree = "<group>";
		};
		3B36A3747ED818A6EEF990CE /* Frameworks */ = {
			isa = PBXGroup;
			children = (
				58B3856F487D477013388BEE /* libPods-Keeping.a */,
			);
			name = Frameworks;
			sourceTree = "<group>";
		};
		DC76C55BD0DF229BAC78AECF /* Pods */ = {
			isa = PBXGroup;
			children = (
				D878305BCC1A269899CF1ACC /* Pods-Keeping.debug.xcconfig */,
				90B7675F597B76B950B77B8B /* Pods-Keeping.release.xcconfig */,
			);
			name = Pods;
			sourceTree = "<group>";
		};
/* End PBXGroup section */

/* Begin PBXNativeTarget section */
		249AE3111E2DEE7700F704F8 /* Keeping */ = {
			isa = PBXNativeTarget;
			buildConfigurationList = 249AE32C1E2DEE7700F704F8 /* Build configuration list for PBXNativeTarget "Keeping" */;
			buildPhases = (
				0C9312C23B5843923EB7CE06 /* [CP] Check Pods Manifest.lock */,
				249AE30E1E2DEE7700F704F8 /* Sources */,
				249AE30F1E2DEE7700F704F8 /* Frameworks */,
				249AE3101E2DEE7700F704F8 /* Resources */,
				C306EC120EDCB79DCB2A853B /* [CP] Embed Pods Frameworks */,
				1DB4E3AA2BDD226DF2D68A26 /* [CP] Copy Pods Resources */,
			);
			buildRules = (
			);
			dependencies = (
			);
			name = Keeping;
			productName = Keeping;
			productReference = 249AE3121E2DEE7700F704F8 /* Keeping.app */;
			productType = "com.apple.product-type.application";
		};
/* End PBXNativeTarget section */

/* Begin PBXProject section */
		249AE30A1E2DEE7700F704F8 /* Project object */ = {
			isa = PBXProject;
			attributes = {
				LastUpgradeCheck = 0820;
				ORGANIZATIONNAME = "宋 奎熹";
				TargetAttributes = {
					249AE3111E2DEE7700F704F8 = {
						CreatedOnToolsVersion = 8.2.1;
						ProvisioningStyle = Manual;
					};
				};
			};
			buildConfigurationList = 249AE30D1E2DEE7700F704F8 /* Build configuration list for PBXProject "Keeping" */;
			compatibilityVersion = "Xcode 3.2";
			developmentRegion = English;
			hasScannedForEncodings = 0;
			knownRegions = (
				en,
				Base,
			);
			mainGroup = 249AE3091E2DEE7700F704F8;
			productRefGroup = 249AE3131E2DEE7700F704F8 /* Products */;
			projectDirPath = "";
			projectRoot = "";
			targets = (
				249AE3111E2DEE7700F704F8 /* Keeping */,
			);
		};
/* End PBXProject section */

/* Begin PBXResourcesBuildPhase section */
		249AE3101E2DEE7700F704F8 /* Resources */ = {
			isa = PBXResourcesBuildPhase;
			buildActionMask = 2147483647;
			files = (
				249AE3281E2DEE7700F704F8 /* LaunchScreen.storyboard in Resources */,
				249AE3251E2DEE7700F704F8 /* Assets.xcassets in Resources */,
				249AE3201E2DEE7700F704F8 /* Main.storyboard in Resources */,
			);
			runOnlyForDeploymentPostprocessing = 0;
		};
/* End PBXResourcesBuildPhase section */

/* Begin PBXShellScriptBuildPhase section */
		0C9312C23B5843923EB7CE06 /* [CP] Check Pods Manifest.lock */ = {
			isa = PBXShellScriptBuildPhase;
			buildActionMask = 2147483647;
			files = (
			);
			inputPaths = (
			);
			name = "[CP] Check Pods Manifest.lock";
			outputPaths = (
			);
			runOnlyForDeploymentPostprocessing = 0;
			shellPath = /bin/sh;
			shellScript = "diff \"${PODS_ROOT}/../Podfile.lock\" \"${PODS_ROOT}/Manifest.lock\" > /dev/null\nif [ $? != 0 ] ; then\n    # print error to STDERR\n    echo \"error: The sandbox is not in sync with the Podfile.lock. Run 'pod install' or update your CocoaPods installation.\" >&2\n    exit 1\nfi\n";
			showEnvVarsInLog = 0;
		};
		1DB4E3AA2BDD226DF2D68A26 /* [CP] Copy Pods Resources */ = {
			isa = PBXShellScriptBuildPhase;
			buildActionMask = 2147483647;
			files = (
			);
			inputPaths = (
			);
			name = "[CP] Copy Pods Resources";
			outputPaths = (
			);
			runOnlyForDeploymentPostprocessing = 0;
			shellPath = /bin/sh;
			shellScript = "\"${SRCROOT}/Pods/Target Support Files/Pods-Keeping/Pods-Keeping-resources.sh\"\n";
			showEnvVarsInLog = 0;
		};
		C306EC120EDCB79DCB2A853B /* [CP] Embed Pods Frameworks */ = {
			isa = PBXShellScriptBuildPhase;
			buildActionMask = 2147483647;
			files = (
			);
			inputPaths = (
			);
			name = "[CP] Embed Pods Frameworks";
			outputPaths = (
			);
			runOnlyForDeploymentPostprocessing = 0;
			shellPath = /bin/sh;
			shellScript = "\"${SRCROOT}/Pods/Target Support Files/Pods-Keeping/Pods-Keeping-frameworks.sh\"\n";
			showEnvVarsInLog = 0;
		};
/* End PBXShellScriptBuildPhase section */

/* Begin PBXSourcesBuildPhase section */
		249AE30E1E2DEE7700F704F8 /* Sources */ = {
			isa = PBXSourcesBuildPhase;
			buildActionMask = 2147483647;
			files = (
				249AE31D1E2DEE7700F704F8 /* ViewController.m in Sources */,
				249AE31A1E2DEE7700F704F8 /* AppDelegate.m in Sources */,
				249AE3171E2DEE7700F704F8 /* main.m in Sources */,
				249AE3231E2DEE7700F704F8 /* Keeping.xcdatamodeld in Sources */,
			);
			runOnlyForDeploymentPostprocessing = 0;
		};
/* End PBXSourcesBuildPhase section */

/* Begin PBXVariantGroup section */
		249AE31E1E2DEE7700F704F8 /* Main.storyboard */ = {
			isa = PBXVariantGroup;
			children = (
				249AE31F1E2DEE7700F704F8 /* Base */,
			);
			name = Main.storyboard;
			sourceTree = "<group>";
		};
		249AE3261E2DEE7700F704F8 /* LaunchScreen.storyboard */ = {
			isa = PBXVariantGroup;
			children = (
				249AE3271E2DEE7700F704F8 /* Base */,
			);
			name = LaunchScreen.storyboard;
			sourceTree = "<group>";
		};
/* End PBXVariantGroup section */

/* Begin XCBuildConfiguration section */
		249AE32A1E2DEE7700F704F8 /* Debug */ = {
			isa = XCBuildConfiguration;
			buildSettings = {
				ALWAYS_SEARCH_USER_PATHS = NO;
				CLANG_ANALYZER_NONNULL = YES;
				CLANG_CXX_LANGUAGE_STANDARD = "gnu++0x";
				CLANG_CXX_LIBRARY = "libc++";
				CLANG_ENABLE_MODULES = YES;
				CLANG_ENABLE_OBJC_ARC = YES;
				CLANG_WARN_BOOL_CONVERSION = YES;
				CLANG_WARN_CONSTANT_CONVERSION = YES;
				CLANG_WARN_DIRECT_OBJC_ISA_USAGE = YES_ERROR;
				CLANG_WARN_DOCUMENTATION_COMMENTS = YES;
				CLANG_WARN_EMPTY_BODY = YES;
				CLANG_WARN_ENUM_CONVERSION = YES;
				CLANG_WARN_INFINITE_RECURSION = YES;
				CLANG_WARN_INT_CONVERSION = YES;
				CLANG_WARN_OBJC_ROOT_CLASS = YES_ERROR;
				CLANG_WARN_SUSPICIOUS_MOVE = YES;
				CLANG_WARN_UNREACHABLE_CODE = YES;
				CLANG_WARN__DUPLICATE_METHOD_MATCH = YES;
				"CODE_SIGN_IDENTITY[sdk=iphoneos*]" = "iPhone Developer";
				COPY_PHASE_STRIP = NO;
				DEBUG_INFORMATION_FORMAT = dwarf;
				ENABLE_STRICT_OBJC_MSGSEND = YES;
				ENABLE_TESTABILITY = YES;
				GCC_C_LANGUAGE_STANDARD = gnu99;
				GCC_DYNAMIC_NO_PIC = NO;
				GCC_NO_COMMON_BLOCKS = YES;
				GCC_OPTIMIZATION_LEVEL = 0;
				GCC_PREPROCESSOR_DEFINITIONS = (
					"DEBUG=1",
					"$(inherited)",
				);
				GCC_WARN_64_TO_32_BIT_CONVERSION = YES;
				GCC_WARN_ABOUT_RETURN_TYPE = YES_ERROR;
				GCC_WARN_UNDECLARED_SELECTOR = YES;
				GCC_WARN_UNINITIALIZED_AUTOS = YES_AGGRESSIVE;
				GCC_WARN_UNUSED_FUNCTION = YES;
				GCC_WARN_UNUSED_VARIABLE = YES;
				IPHONEOS_DEPLOYMENT_TARGET = 10.2;
				MTL_ENABLE_DEBUG_INFO = YES;
				ONLY_ACTIVE_ARCH = YES;
				SDKROOT = iphoneos;
			};
			name = Debug;
		};
		249AE32B1E2DEE7700F704F8 /* Release */ = {
			isa = XCBuildConfiguration;
			buildSettings = {
				ALWAYS_SEARCH_USER_PATHS = NO;
				CLANG_ANALYZER_NONNULL = YES;
				CLANG_CXX_LANGUAGE_STANDARD = "gnu++0x";
				CLANG_CXX_LIBRARY = "libc++";
				CLANG_ENABLE_MODULES = YES;
				CLANG_ENABLE_OBJC_ARC = YES;
				CLANG_WARN_BOOL_CONVERSION = YES;
				CLANG_WARN_CONSTANT_CONVERSION = YES;
				CLANG_WARN_DIRECT_OBJC_ISA_USAGE = YES_ERROR;
				CLANG_WARN_DOCUMENTATION_COMMENTS = YES;
				CLANG_WARN_EMPTY_BODY = YES;
				CLANG_WARN_ENUM_CONVERSION = YES;
				CLANG_WARN_INFINITE_RECURSION = YES;
				CLANG_WARN_INT_CONVERSION = YES;
				CLANG_WARN_OBJC_ROOT_CLASS = YES_ERROR;
				CLANG_WARN_SUSPICIOUS_MOVE = YES;
				CLANG_WARN_UNREACHABLE_CODE = YES;
				CLANG_WARN__DUPLICATE_METHOD_MATCH = YES;
				"CODE_SIGN_IDENTITY[sdk=iphoneos*]" = "iPhone Developer";
				COPY_PHASE_STRIP = NO;
				DEBUG_INFORMATION_FORMAT = "dwarf-with-dsym";
				ENABLE_NS_ASSERTIONS = NO;
				ENABLE_STRICT_OBJC_MSGSEND = YES;
				GCC_C_LANGUAGE_STANDARD = gnu99;
				GCC_NO_COMMON_BLOCKS = YES;
				GCC_WARN_64_TO_32_BIT_CONVERSION = YES;
				GCC_WARN_ABOUT_RETURN_TYPE = YES_ERROR;
				GCC_WARN_UNDECLARED_SELECTOR = YES;
				GCC_WARN_UNINITIALIZED_AUTOS = YES_AGGRESSIVE;
				GCC_WARN_UNUSED_FUNCTION = YES;
				GCC_WARN_UNUSED_VARIABLE = YES;
				IPHONEOS_DEPLOYMENT_TARGET = 10.2;
				MTL_ENABLE_DEBUG_INFO = NO;
				SDKROOT = iphoneos;
				VALIDATE_PRODUCT = YES;
			};
			name = Release;
		};
		249AE32D1E2DEE7700F704F8 /* Debug */ = {
			isa = XCBuildConfiguration;
			baseConfigurationReference = D878305BCC1A269899CF1ACC /* Pods-Keeping.debug.xcconfig */;
			buildSettings = {
				ASSETCATALOG_COMPILER_APPICON_NAME = AppIcon;
				DEVELOPMENT_TEAM = "";
				INFOPLIST_FILE = Keeping/Info.plist;
				LD_RUNPATH_SEARCH_PATHS = "$(inherited) @executable_path/Frameworks";
				PRODUCT_BUNDLE_IDENTIFIER = krayc.Keeping;
				PRODUCT_NAME = "$(TARGET_NAME)";
			};
			name = Debug;
		};
		249AE32E1E2DEE7700F704F8 /* Release */ = {
			isa = XCBuildConfiguration;
			baseConfigurationReference = 90B7675F597B76B950B77B8B /* Pods-Keeping.release.xcconfig */;
			buildSettings = {
				ASSETCATALOG_COMPILER_APPICON_NAME = AppIcon;
				DEVELOPMENT_TEAM = "";
				INFOPLIST_FILE = Keeping/Info.plist;
				LD_RUNPATH_SEARCH_PATHS = "$(inherited) @executable_path/Frameworks";
				PRODUCT_BUNDLE_IDENTIFIER = krayc.Keeping;
				PRODUCT_NAME = "$(TARGET_NAME)";
			};
			name = Release;
		};
/* End XCBuildConfiguration section */

/* Begin XCConfigurationList section */
		249AE30D1E2DEE7700F704F8 /* Build configuration list for PBXProject "Keeping" */ = {
			isa = XCConfigurationList;
			buildConfigurations = (
				249AE32A1E2DEE7700F704F8 /* Debug */,
				249AE32B1E2DEE7700F704F8 /* Release */,
			);
			defaultConfigurationIsVisible = 0;
			defaultConfigurationName = Release;
		};
		249AE32C1E2DEE7700F704F8 /* Build configuration list for PBXNativeTarget "Keeping" */ = {
			isa = XCConfigurationList;
			buildConfigurations = (
				249AE32D1E2DEE7700F704F8 /* Debug */,
				249AE32E1E2DEE7700F704F8 /* Release */,
			);
			defaultConfigurationIsVisible = 0;
			defaultConfigurationName = Release;
		};
/* End XCConfigurationList section */

/* Begin XCVersionGroup section */
		249AE3211E2DEE7700F704F8 /* Keeping.xcdatamodeld */ = {
			isa = XCVersionGroup;
			children = (
				249AE3221E2DEE7700F704F8 /* Keeping.xcdatamodel */,
			);
			currentVersion = 249AE3221E2DEE7700F704F8 /* Keeping.xcdatamodel */;
			path = Keeping.xcdatamodeld;
			sourceTree = "<group>";
			versionGroupType = wrapper.xcdatamodel;
		};
/* End XCVersionGroup section */
	};
	rootObject = 249AE30A1E2DEE7700F704F8 /* Project object */;
}
